✔ ~/Project/aasdhajkshd_infra/terraform [terraform-1 L …1Δ1∃7] 
[elnone@thinky] 14:13 $ terraform validate
Success! The configuration is valid.

✔ ~/Project/aasdhajkshd_infra/terraform [terraform-1 L …1Δ1∃7] 
[elnone@thinky] 14:14 $ terraform apply

Terraform used the selected providers to generate the following execution plan. Resource actions are indicated with the following symbols:
  + create

Terraform will perform the following actions:

  # yandex_compute_instance.reddit-app[0] will be created
  + resource "yandex_compute_instance" "reddit-app" {
      + allow_stopping_for_update = true
      + created_at                = (known after apply)
      + folder_id                 = (known after apply)
      + fqdn                      = (known after apply)
      + gpu_cluster_id            = (known after apply)
      + hostname                  = (known after apply)
      + id                        = (known after apply)
      + metadata                  = {
          + "user-data" = <<-EOT
                #cloud-config
                package_update: false
                package_upgrade: false
                users:
                  - name: ubuntu
                    groups: sudo
                    shell: /bin/bash
                    sudo: ['ALL=(ALL) NOPASSWD:ALL']
                    ssh_authorized_keys:
                      - ssh-rsa AAAAB3NzaC1yc2EAAAADAQABAAABAQCxAzVxg3K3JJ0Tpsw+Qs+N2/IKNR2mfhcUT8Whdpzeby7/BOxS6HmydwD01YxFBJQgXi07Mj7RkplyOIz+wc7sZtPGQ9Ju9/2b9zVbM+T5WAO2hPlv38IeJMKRRG3RttYXeS3OfjfegkvwYorpCP3VgDaDp6xu2GQ3G3mESkh/DNjnH6oaYexSQ+GL9AU7k14vNwjK57su5ARn/dUbJln7F4RdFjL2++tZRGp6RGKEIf4KdZamA5SUsRkqwr6hJWQcpaRKLucBK8RSQGCEODVPZIDZ9/VHU1rJwGeKHuNKeLQjChfj1H4WkIOAS7q+x8rNCa4ZAZL+sL6kTuftNFMp appuser@yc
                  - name: reddit
                    passwd: $6$VMB6iWdM$V/Pw803Xly5/.rrEje5ngDTN9vbBfVpNoWUomES0UFDQ9r1uc6119iuayG85D13rkJbj042xbsJXgsvMaI5ps/
                    shell: /bin/bash
            EOT
        }
      + name                      = "reddit-app-0"
      + network_acceleration_type = "standard"
      + platform_id               = "standard-v1"
      + service_account_id        = (known after apply)
      + status                    = (known after apply)
      + zone                      = (known after apply)

      + boot_disk {
          + auto_delete = true
          + device_name = (known after apply)
          + disk_id     = (known after apply)
          + mode        = (known after apply)

          + initialize_params {
              + block_size  = (known after apply)
              + description = (known after apply)
              + image_id    = "fd8idgg4s709v05bagtm"
              + name        = (known after apply)
              + size        = (known after apply)
              + snapshot_id = (known after apply)
              + type        = "network-hdd"
            }
        }

      + network_interface {
          + index              = (known after apply)
          + ip_address         = (known after apply)
          + ipv4               = true
          + ipv6               = (known after apply)
          + ipv6_address       = (known after apply)
          + mac_address        = (known after apply)
          + nat                = true
          + nat_ip_address     = (known after apply)
          + nat_ip_version     = (known after apply)
          + security_group_ids = (known after apply)
          + subnet_id          = "e9bi9oji8ljojstbt6cp"
        }

      + resources {
          + core_fraction = 5
          + cores         = 2
          + memory        = 2
        }
    }

  # yandex_compute_instance.reddit-app[1] will be created
  + resource "yandex_compute_instance" "reddit-app" {
      + allow_stopping_for_update = true
      + created_at                = (known after apply)
      + folder_id                 = (known after apply)
      + fqdn                      = (known after apply)
      + gpu_cluster_id            = (known after apply)
      + hostname                  = (known after apply)
      + id                        = (known after apply)
      + metadata                  = {
          + "user-data" = <<-EOT
                #cloud-config
                package_update: false
                package_upgrade: false
                users:
                  - name: ubuntu
                    groups: sudo
                    shell: /bin/bash
                    sudo: ['ALL=(ALL) NOPASSWD:ALL']
                    ssh_authorized_keys:
                      - ssh-rsa AAAAB3NzaC1yc2EAAAADAQABAAABAQCxAzVxg3K3JJ0Tpsw+Qs+N2/IKNR2mfhcUT8Whdpzeby7/BOxS6HmydwD01YxFBJQgXi07Mj7RkplyOIz+wc7sZtPGQ9Ju9/2b9zVbM+T5WAO2hPlv38IeJMKRRG3RttYXeS3OfjfegkvwYorpCP3VgDaDp6xu2GQ3G3mESkh/DNjnH6oaYexSQ+GL9AU7k14vNwjK57su5ARn/dUbJln7F4RdFjL2++tZRGp6RGKEIf4KdZamA5SUsRkqwr6hJWQcpaRKLucBK8RSQGCEODVPZIDZ9/VHU1rJwGeKHuNKeLQjChfj1H4WkIOAS7q+x8rNCa4ZAZL+sL6kTuftNFMp appuser@yc
                  - name: reddit
                    passwd: $6$VMB6iWdM$V/Pw803Xly5/.rrEje5ngDTN9vbBfVpNoWUomES0UFDQ9r1uc6119iuayG85D13rkJbj042xbsJXgsvMaI5ps/
                    shell: /bin/bash
            EOT
        }
      + name                      = "reddit-app-1"
      + network_acceleration_type = "standard"
      + platform_id               = "standard-v1"
      + service_account_id        = (known after apply)
      + status                    = (known after apply)
      + zone                      = (known after apply)

      + boot_disk {
          + auto_delete = true
          + device_name = (known after apply)
          + disk_id     = (known after apply)
          + mode        = (known after apply)

          + initialize_params {
              + block_size  = (known after apply)
              + description = (known after apply)
              + image_id    = "fd8idgg4s709v05bagtm"
              + name        = (known after apply)
              + size        = (known after apply)
              + snapshot_id = (known after apply)
              + type        = "network-hdd"
            }
        }

      + network_interface {
          + index              = (known after apply)
          + ip_address         = (known after apply)
          + ipv4               = true
          + ipv6               = (known after apply)
          + ipv6_address       = (known after apply)
          + mac_address        = (known after apply)
          + nat                = true
          + nat_ip_address     = (known after apply)
          + nat_ip_version     = (known after apply)
          + security_group_ids = (known after apply)
          + subnet_id          = "e9bi9oji8ljojstbt6cp"
        }

      + resources {
          + core_fraction = 5
          + cores         = 2
          + memory        = 2
        }
    }

Plan: 2 to add, 0 to change, 0 to destroy.

Changes to Outputs:
  + external_ip_address = [
      + (known after apply),
      + (known after apply),
    ]

Do you want to perform these actions?
  Terraform will perform the actions described above.
  Only 'yes' will be accepted to approve.

  Enter a value: yes

yandex_compute_instance.reddit-app[1]: Creating...
yandex_compute_instance.reddit-app[0]: Creating...
yandex_compute_instance.reddit-app[1]: Still creating... [10s elapsed]
yandex_compute_instance.reddit-app[0]: Still creating... [10s elapsed]
yandex_compute_instance.reddit-app[1]: Still creating... [20s elapsed]
yandex_compute_instance.reddit-app[0]: Still creating... [20s elapsed]
yandex_compute_instance.reddit-app[1]: Still creating... [30s elapsed]
yandex_compute_instance.reddit-app[0]: Still creating... [30s elapsed]
yandex_compute_instance.reddit-app[1]: Still creating... [40s elapsed]
yandex_compute_instance.reddit-app[0]: Still creating... [40s elapsed]
yandex_compute_instance.reddit-app[1]: Still creating... [50s elapsed]
yandex_compute_instance.reddit-app[0]: Still creating... [50s elapsed]
yandex_compute_instance.reddit-app[1]: Provisioning with 'file'...
yandex_compute_instance.reddit-app[1]: Still creating... [1m0s elapsed]
yandex_compute_instance.reddit-app[0]: Still creating... [1m0s elapsed]
yandex_compute_instance.reddit-app[0]: Provisioning with 'file'...
yandex_compute_instance.reddit-app[1]: Still creating... [1m10s elapsed]
yandex_compute_instance.reddit-app[0]: Still creating... [1m10s elapsed]
yandex_compute_instance.reddit-app[1]: Still creating... [1m20s elapsed]
yandex_compute_instance.reddit-app[0]: Still creating... [1m20s elapsed]
yandex_compute_instance.reddit-app[0]: Provisioning with 'remote-exec'...
yandex_compute_instance.reddit-app[0] (remote-exec): Connecting to remote host via SSH...
yandex_compute_instance.reddit-app[0] (remote-exec):   Host: 158.160.41.206
yandex_compute_instance.reddit-app[0] (remote-exec):   User: ubuntu
yandex_compute_instance.reddit-app[0] (remote-exec):   Password: false
yandex_compute_instance.reddit-app[0] (remote-exec):   Private key: true
yandex_compute_instance.reddit-app[0] (remote-exec):   Certificate: false
yandex_compute_instance.reddit-app[0] (remote-exec):   SSH Agent: false
yandex_compute_instance.reddit-app[0] (remote-exec):   Checking Host Key: false
yandex_compute_instance.reddit-app[0] (remote-exec):   Target Platform: unix
yandex_compute_instance.reddit-app[1]: Still creating... [1m30s elapsed]
yandex_compute_instance.reddit-app[0]: Still creating... [1m30s elapsed]
yandex_compute_instance.reddit-app[0] (remote-exec): Connected!
yandex_compute_instance.reddit-app[1]: Provisioning with 'remote-exec'...
yandex_compute_instance.reddit-app[1] (remote-exec): Connecting to remote host via SSH...
yandex_compute_instance.reddit-app[1] (remote-exec):   Host: 158.160.36.80
yandex_compute_instance.reddit-app[1] (remote-exec):   User: ubuntu
yandex_compute_instance.reddit-app[1] (remote-exec):   Password: false
yandex_compute_instance.reddit-app[1] (remote-exec):   Private key: true
yandex_compute_instance.reddit-app[1] (remote-exec):   Certificate: false
yandex_compute_instance.reddit-app[1] (remote-exec):   SSH Agent: false
yandex_compute_instance.reddit-app[1] (remote-exec):   Checking Host Key: false
yandex_compute_instance.reddit-app[1] (remote-exec):   Target Platform: unix
yandex_compute_instance.reddit-app[0] (remote-exec): Cloning into '/home/ubuntu/reddit'...
yandex_compute_instance.reddit-app[1] (remote-exec): Connected!
yandex_compute_instance.reddit-app[1] (remote-exec): Cloning into '/home/ubuntu/reddit'...
yandex_compute_instance.reddit-app[0] (remote-exec): remote: Enumerating objects: 376, done.
yandex_compute_instance.reddit-app[0] (remote-exec): remote: Counting objects:  20% (1/5)
yandex_compute_instance.reddit-app[0] (remote-exec): remote: Counting objects:  40% (2/5)
yandex_compute_instance.reddit-app[0] (remote-exec): remote: Counting objects:  60% (3/5)
yandex_compute_instance.reddit-app[0] (remote-exec): remote: Counting objects:  80% (4/5)
yandex_compute_instance.reddit-app[0] (remote-exec): remote: Counting objects: 100% (5/5)
yandex_compute_instance.reddit-app[0] (remote-exec): remote: Counting objects: 100% (5/5), done.
yandex_compute_instance.reddit-app[0] (remote-exec): remote: Compressing objects:  20% (1/5)
yandex_compute_instance.reddit-app[0] (remote-exec): remote: Compressing objects:  40% (2/5)
yandex_compute_instance.reddit-app[0] (remote-exec): remote: Compressing objects:  60% (3/5)
yandex_compute_instance.reddit-app[0] (remote-exec): remote: Compressing objects:  80% (4/5)
yandex_compute_instance.reddit-app[0] (remote-exec): remote: Compressing objects: 100% (5/5)
yandex_compute_instance.reddit-app[0] (remote-exec): remote: Compressing objects: 100% (5/5), done.
yandex_compute_instance.reddit-app[0] (remote-exec): Receiving objects:   0% (1/376)
yandex_compute_instance.reddit-app[0] (remote-exec): Receiving objects:   1% (4/376)
yandex_compute_instance.reddit-app[0] (remote-exec): Receiving objects:   2% (8/376)
yandex_compute_instance.reddit-app[0] (remote-exec): Receiving objects:   3% (12/376)
yandex_compute_instance.reddit-app[0] (remote-exec): Receiving objects:   4% (16/376)
yandex_compute_instance.reddit-app[0] (remote-exec): Receiving objects:   5% (19/376)
yandex_compute_instance.reddit-app[0] (remote-exec): Receiving objects:   6% (23/376)
yandex_compute_instance.reddit-app[0] (remote-exec): Receiving objects:   7% (27/376)
yandex_compute_instance.reddit-app[0] (remote-exec): Receiving objects:   8% (31/376)
yandex_compute_instance.reddit-app[0] (remote-exec): Receiving objects:   9% (34/376)
yandex_compute_instance.reddit-app[0] (remote-exec): Receiving objects:  10% (38/376)
yandex_compute_instance.reddit-app[0] (remote-exec): Receiving objects:  11% (42/376)
yandex_compute_instance.reddit-app[0] (remote-exec): Receiving objects:  12% (46/376)
yandex_compute_instance.reddit-app[0] (remote-exec): Receiving objects:  13% (49/376)
yandex_compute_instance.reddit-app[0] (remote-exec): Receiving objects:  14% (53/376)
yandex_compute_instance.reddit-app[0] (remote-exec): Receiving objects:  15% (57/376)
yandex_compute_instance.reddit-app[0] (remote-exec): Receiving objects:  16% (61/376)
yandex_compute_instance.reddit-app[0] (remote-exec): Receiving objects:  17% (64/376)
yandex_compute_instance.reddit-app[0] (remote-exec): Receiving objects:  18% (68/376)
yandex_compute_instance.reddit-app[0] (remote-exec): Receiving objects:  19% (72/376)
yandex_compute_instance.reddit-app[0] (remote-exec): Receiving objects:  20% (76/376)
yandex_compute_instance.reddit-app[0] (remote-exec): Receiving objects:  21% (79/376)
yandex_compute_instance.reddit-app[0] (remote-exec): Receiving objects:  22% (83/376)
yandex_compute_instance.reddit-app[0] (remote-exec): Receiving objects:  23% (87/376)
yandex_compute_instance.reddit-app[0] (remote-exec): Receiving objects:  24% (91/376)
yandex_compute_instance.reddit-app[0] (remote-exec): Receiving objects:  25% (94/376)
yandex_compute_instance.reddit-app[0] (remote-exec): Receiving objects:  26% (98/376)
yandex_compute_instance.reddit-app[0] (remote-exec): Receiving objects:  27% (102/376)
yandex_compute_instance.reddit-app[0] (remote-exec): Receiving objects:  28% (106/376)
yandex_compute_instance.reddit-app[0] (remote-exec): Receiving objects:  29% (110/376)
yandex_compute_instance.reddit-app[0] (remote-exec): Receiving objects:  30% (113/376)
yandex_compute_instance.reddit-app[0] (remote-exec): Receiving objects:  31% (117/376)
yandex_compute_instance.reddit-app[0] (remote-exec): Receiving objects:  32% (121/376)
yandex_compute_instance.reddit-app[0] (remote-exec): Receiving objects:  33% (125/376)
yandex_compute_instance.reddit-app[0] (remote-exec): Receiving objects:  34% (128/376)
yandex_compute_instance.reddit-app[0] (remote-exec): Receiving objects:  35% (132/376)
yandex_compute_instance.reddit-app[0] (remote-exec): Receiving objects:  36% (136/376)
yandex_compute_instance.reddit-app[0] (remote-exec): Receiving objects:  37% (140/376)
yandex_compute_instance.reddit-app[0] (remote-exec): remote: Total 376 (delta 0), reused 0 (delta 0), pack-reused 371
yandex_compute_instance.reddit-app[0] (remote-exec): Receiving objects:  38% (143/376)
yandex_compute_instance.reddit-app[0] (remote-exec): Receiving objects:  39% (147/376)
yandex_compute_instance.reddit-app[0] (remote-exec): Receiving objects:  40% (151/376)
yandex_compute_instance.reddit-app[0] (remote-exec): Receiving objects:  41% (155/376)
yandex_compute_instance.reddit-app[0] (remote-exec): Receiving objects:  42% (158/376)
yandex_compute_instance.reddit-app[0] (remote-exec): Receiving objects:  43% (162/376)
yandex_compute_instance.reddit-app[0] (remote-exec): Receiving objects:  44% (166/376)
yandex_compute_instance.reddit-app[0] (remote-exec): Receiving objects:  45% (170/376)
yandex_compute_instance.reddit-app[0] (remote-exec): Receiving objects:  46% (173/376)
yandex_compute_instance.reddit-app[0] (remote-exec): Receiving objects:  47% (177/376)
yandex_compute_instance.reddit-app[0] (remote-exec): Receiving objects:  48% (181/376)
yandex_compute_instance.reddit-app[0] (remote-exec): Receiving objects:  49% (185/376)
yandex_compute_instance.reddit-app[0] (remote-exec): Receiving objects:  50% (188/376)
yandex_compute_instance.reddit-app[0] (remote-exec): Receiving objects:  51% (192/376)
yandex_compute_instance.reddit-app[0] (remote-exec): Receiving objects:  52% (196/376)
yandex_compute_instance.reddit-app[0] (remote-exec): Receiving objects:  53% (200/376)
yandex_compute_instance.reddit-app[0] (remote-exec): Receiving objects:  54% (204/376)
yandex_compute_instance.reddit-app[0] (remote-exec): Receiving objects:  55% (207/376)
yandex_compute_instance.reddit-app[0] (remote-exec): Receiving objects:  56% (211/376)
yandex_compute_instance.reddit-app[0] (remote-exec): Receiving objects:  57% (215/376)
yandex_compute_instance.reddit-app[0] (remote-exec): Receiving objects:  58% (219/376)
yandex_compute_instance.reddit-app[0] (remote-exec): Receiving objects:  59% (222/376)
yandex_compute_instance.reddit-app[0] (remote-exec): Receiving objects:  60% (226/376)
yandex_compute_instance.reddit-app[0] (remote-exec): Receiving objects:  61% (230/376)
yandex_compute_instance.reddit-app[0] (remote-exec): Receiving objects:  62% (234/376)
yandex_compute_instance.reddit-app[0] (remote-exec): Receiving objects:  63% (237/376)
yandex_compute_instance.reddit-app[0] (remote-exec): Receiving objects:  64% (241/376)
yandex_compute_instance.reddit-app[0] (remote-exec): Receiving objects:  65% (245/376)
yandex_compute_instance.reddit-app[0] (remote-exec): Receiving objects:  66% (249/376)
yandex_compute_instance.reddit-app[0] (remote-exec): Receiving objects:  67% (252/376)
yandex_compute_instance.reddit-app[0] (remote-exec): Receiving objects:  68% (256/376)
yandex_compute_instance.reddit-app[0] (remote-exec): Receiving objects:  69% (260/376)
yandex_compute_instance.reddit-app[0] (remote-exec): Receiving objects:  70% (264/376)
yandex_compute_instance.reddit-app[0] (remote-exec): Receiving objects:  71% (267/376)
yandex_compute_instance.reddit-app[0] (remote-exec): Receiving objects:  72% (271/376)
yandex_compute_instance.reddit-app[0] (remote-exec): Receiving objects:  73% (275/376)
yandex_compute_instance.reddit-app[0] (remote-exec): Receiving objects:  74% (279/376)
yandex_compute_instance.reddit-app[0] (remote-exec): Receiving objects:  75% (282/376)
yandex_compute_instance.reddit-app[0] (remote-exec): Receiving objects:  76% (286/376)
yandex_compute_instance.reddit-app[0] (remote-exec): Receiving objects:  77% (290/376)
yandex_compute_instance.reddit-app[0] (remote-exec): Receiving objects:  78% (294/376)
yandex_compute_instance.reddit-app[0] (remote-exec): Receiving objects:  79% (298/376)
yandex_compute_instance.reddit-app[0] (remote-exec): Receiving objects:  80% (301/376)
yandex_compute_instance.reddit-app[0] (remote-exec): Receiving objects:  81% (305/376)
yandex_compute_instance.reddit-app[0] (remote-exec): Receiving objects:  82% (309/376)
yandex_compute_instance.reddit-app[0] (remote-exec): Receiving objects:  83% (313/376)
yandex_compute_instance.reddit-app[0] (remote-exec): Receiving objects:  84% (316/376)
yandex_compute_instance.reddit-app[0] (remote-exec): Receiving objects:  85% (320/376)
yandex_compute_instance.reddit-app[0] (remote-exec): Receiving objects:  86% (324/376)
yandex_compute_instance.reddit-app[0] (remote-exec): Receiving objects:  87% (328/376)
yandex_compute_instance.reddit-app[0] (remote-exec): Receiving objects:  88% (331/376)
yandex_compute_instance.reddit-app[0] (remote-exec): Receiving objects:  89% (335/376)
yandex_compute_instance.reddit-app[0] (remote-exec): Receiving objects:  90% (339/376)
yandex_compute_instance.reddit-app[0] (remote-exec): Receiving objects:  91% (343/376)
yandex_compute_instance.reddit-app[0] (remote-exec): Receiving objects:  92% (346/376)
yandex_compute_instance.reddit-app[0] (remote-exec): Receiving objects:  93% (350/376)
yandex_compute_instance.reddit-app[0] (remote-exec): Receiving objects:  94% (354/376)
yandex_compute_instance.reddit-app[0] (remote-exec): Receiving objects:  95% (358/376)
yandex_compute_instance.reddit-app[0] (remote-exec): Receiving objects:  96% (361/376)
yandex_compute_instance.reddit-app[0] (remote-exec): Receiving objects:  97% (365/376)
yandex_compute_instance.reddit-app[0] (remote-exec): Receiving objects:  98% (369/376)
yandex_compute_instance.reddit-app[0] (remote-exec): Receiving objects:  99% (373/376)
yandex_compute_instance.reddit-app[0] (remote-exec): Receiving objects: 100% (376/376)
yandex_compute_instance.reddit-app[0] (remote-exec): Receiving objects: 100% (376/376), 67.42 KiB | 0 bytes/s, done.
yandex_compute_instance.reddit-app[0] (remote-exec): Resolving deltas:   0% (0/201)
yandex_compute_instance.reddit-app[0] (remote-exec): Resolving deltas:   7% (16/201)
yandex_compute_instance.reddit-app[0] (remote-exec): Resolving deltas:   9% (20/201)
yandex_compute_instance.reddit-app[0] (remote-exec): Resolving deltas:  14% (29/201)
yandex_compute_instance.reddit-app[0] (remote-exec): Resolving deltas:  15% (31/201)
yandex_compute_instance.reddit-app[0] (remote-exec): Resolving deltas:  19% (39/201)
yandex_compute_instance.reddit-app[0] (remote-exec): Resolving deltas:  20% (41/201)
yandex_compute_instance.reddit-app[0] (remote-exec): Resolving deltas:  21% (43/201)
yandex_compute_instance.reddit-app[0] (remote-exec): Resolving deltas:  22% (46/201)
yandex_compute_instance.reddit-app[0] (remote-exec): Resolving deltas:  23% (48/201)
yandex_compute_instance.reddit-app[0] (remote-exec): Resolving deltas:  27% (55/201)
yandex_compute_instance.reddit-app[0] (remote-exec): Resolving deltas:  28% (57/201)
yandex_compute_instance.reddit-app[0] (remote-exec): Resolving deltas:  31% (63/201)
yandex_compute_instance.reddit-app[0] (remote-exec): Resolving deltas:  32% (65/201)
yandex_compute_instance.reddit-app[0] (remote-exec): Resolving deltas:  36% (73/201)
yandex_compute_instance.reddit-app[0] (remote-exec): Resolving deltas:  38% (77/201)
yandex_compute_instance.reddit-app[0] (remote-exec): Resolving deltas:  40% (82/201)
yandex_compute_instance.reddit-app[0] (remote-exec): Resolving deltas:  41% (83/201)
yandex_compute_instance.reddit-app[0] (remote-exec): Resolving deltas:  43% (88/201)
yandex_compute_instance.reddit-app[0] (remote-exec): Resolving deltas:  44% (90/201)
yandex_compute_instance.reddit-app[0] (remote-exec): Resolving deltas:  47% (96/201)
yandex_compute_instance.reddit-app[0] (remote-exec): Resolving deltas:  49% (99/201)
yandex_compute_instance.reddit-app[0] (remote-exec): Resolving deltas:  51% (104/201)
yandex_compute_instance.reddit-app[0] (remote-exec): Resolving deltas:  54% (110/201)
yandex_compute_instance.reddit-app[0] (remote-exec): Resolving deltas:  55% (112/201)
yandex_compute_instance.reddit-app[0] (remote-exec): Resolving deltas:  57% (115/201)
yandex_compute_instance.reddit-app[0] (remote-exec): Resolving deltas:  60% (121/201)
yandex_compute_instance.reddit-app[0] (remote-exec): Resolving deltas:  61% (124/201)
yandex_compute_instance.reddit-app[0] (remote-exec): Resolving deltas:  62% (126/201)
yandex_compute_instance.reddit-app[0] (remote-exec): Resolving deltas:  65% (132/201)
yandex_compute_instance.reddit-app[0] (remote-exec): Resolving deltas:  68% (137/201)
yandex_compute_instance.reddit-app[0] (remote-exec): Resolving deltas:  69% (140/201)
yandex_compute_instance.reddit-app[0] (remote-exec): Resolving deltas:  72% (146/201)
yandex_compute_instance.reddit-app[0] (remote-exec): Resolving deltas:  74% (149/201)
yandex_compute_instance.reddit-app[0] (remote-exec): Resolving deltas:  75% (152/201)
yandex_compute_instance.reddit-app[0] (remote-exec): Resolving deltas:  76% (153/201)
yandex_compute_instance.reddit-app[0] (remote-exec): Resolving deltas:  79% (160/201)
yandex_compute_instance.reddit-app[0] (remote-exec): Resolving deltas:  80% (161/201)
yandex_compute_instance.reddit-app[0] (remote-exec): Resolving deltas:  81% (163/201)
yandex_compute_instance.reddit-app[0] (remote-exec): Resolving deltas:  82% (166/201)
yandex_compute_instance.reddit-app[0] (remote-exec): Resolving deltas:  83% (168/201)
yandex_compute_instance.reddit-app[0] (remote-exec): Resolving deltas:  84% (170/201)
yandex_compute_instance.reddit-app[0] (remote-exec): Resolving deltas:  86% (173/201)
yandex_compute_instance.reddit-app[0] (remote-exec): Resolving deltas:  88% (178/201)
yandex_compute_instance.reddit-app[0] (remote-exec): Resolving deltas:  89% (180/201)
yandex_compute_instance.reddit-app[0] (remote-exec): Resolving deltas:  91% (183/201)
yandex_compute_instance.reddit-app[0] (remote-exec): Resolving deltas:  92% (185/201)
yandex_compute_instance.reddit-app[0] (remote-exec): Resolving deltas:  94% (189/201)
yandex_compute_instance.reddit-app[0] (remote-exec): Resolving deltas:  95% (192/201)
yandex_compute_instance.reddit-app[0] (remote-exec): Resolving deltas:  96% (194/201)
yandex_compute_instance.reddit-app[0] (remote-exec): Resolving deltas:  97% (195/201)
yandex_compute_instance.reddit-app[0] (remote-exec): Resolving deltas:  98% (197/201)
yandex_compute_instance.reddit-app[0] (remote-exec): Resolving deltas:  99% (199/201)
yandex_compute_instance.reddit-app[0] (remote-exec): Resolving deltas: 100% (201/201)
yandex_compute_instance.reddit-app[0] (remote-exec): Resolving deltas: 100% (201/201), done.
yandex_compute_instance.reddit-app[0] (remote-exec): Checking connectivity... done.
yandex_compute_instance.reddit-app[0] (remote-exec): Warning: the running version of Bundler is older than the version that created the lockfile. We suggest you upgrade to the latest version of Bundler by running `gem install bundler`.
yandex_compute_instance.reddit-app[0] (remote-exec): 
yandex_compute_instance.reddit-app[1]: Still creating... [1m40s elapsed]
yandex_compute_instance.reddit-app[0]: Still creating... [1m40s elapsed]
yandex_compute_instance.reddit-app[0] (remote-exec): Fetching source index from https://rubygems.org/
yandex_compute_instance.reddit-app[1] (remote-exec): remote: Enumerating objects: 376, done.
yandex_compute_instance.reddit-app[1] (remote-exec): remote: Counting objects:  20% (1/5)
yandex_compute_instance.reddit-app[1] (remote-exec): remote: Counting objects:  40% (2/5)
yandex_compute_instance.reddit-app[1] (remote-exec): remote: Counting objects:  60% (3/5)
yandex_compute_instance.reddit-app[1] (remote-exec): remote: Counting objects:  80% (4/5)
yandex_compute_instance.reddit-app[1] (remote-exec): remote: Counting objects: 100% (5/5)
yandex_compute_instance.reddit-app[1] (remote-exec): remote: Counting objects: 100% (5/5), done.
yandex_compute_instance.reddit-app[1] (remote-exec): remote: Compressing objects:  20% (1/5)
yandex_compute_instance.reddit-app[1] (remote-exec): remote: Compressing objects:  40% (2/5)
yandex_compute_instance.reddit-app[1] (remote-exec): remote: Compressing objects:  60% (3/5)
yandex_compute_instance.reddit-app[1] (remote-exec): remote: Compressing objects:  80% (4/5)
yandex_compute_instance.reddit-app[1] (remote-exec): remote: Compressing objects: 100% (5/5)
yandex_compute_instance.reddit-app[1] (remote-exec): remote: Compressing objects: 100% (5/5), done.
yandex_compute_instance.reddit-app[1] (remote-exec): Receiving objects:   0% (1/376)
yandex_compute_instance.reddit-app[1] (remote-exec): Receiving objects:   1% (4/376)
yandex_compute_instance.reddit-app[1] (remote-exec): Receiving objects:   2% (8/376)
yandex_compute_instance.reddit-app[1] (remote-exec): Receiving objects:   3% (12/376)
yandex_compute_instance.reddit-app[1] (remote-exec): Receiving objects:   4% (16/376)
yandex_compute_instance.reddit-app[1] (remote-exec): Receiving objects:   5% (19/376)
yandex_compute_instance.reddit-app[1] (remote-exec): Receiving objects:   6% (23/376)
yandex_compute_instance.reddit-app[1] (remote-exec): Receiving objects:   7% (27/376)
yandex_compute_instance.reddit-app[1] (remote-exec): Receiving objects:   8% (31/376)
yandex_compute_instance.reddit-app[1] (remote-exec): Receiving objects:   9% (34/376)
yandex_compute_instance.reddit-app[1] (remote-exec): Receiving objects:  10% (38/376)
yandex_compute_instance.reddit-app[1] (remote-exec): Receiving objects:  11% (42/376)
yandex_compute_instance.reddit-app[1] (remote-exec): Receiving objects:  12% (46/376)
yandex_compute_instance.reddit-app[1] (remote-exec): Receiving objects:  13% (49/376)
yandex_compute_instance.reddit-app[1] (remote-exec): Receiving objects:  14% (53/376)
yandex_compute_instance.reddit-app[1] (remote-exec): Receiving objects:  15% (57/376)
yandex_compute_instance.reddit-app[1] (remote-exec): Receiving objects:  16% (61/376)
yandex_compute_instance.reddit-app[1] (remote-exec): Receiving objects:  17% (64/376)
yandex_compute_instance.reddit-app[1] (remote-exec): Receiving objects:  18% (68/376)
yandex_compute_instance.reddit-app[1] (remote-exec): Receiving objects:  19% (72/376)
yandex_compute_instance.reddit-app[1] (remote-exec): Receiving objects:  20% (76/376)
yandex_compute_instance.reddit-app[1] (remote-exec): Receiving objects:  21% (79/376)
yandex_compute_instance.reddit-app[1] (remote-exec): Receiving objects:  22% (83/376)
yandex_compute_instance.reddit-app[1] (remote-exec): Receiving objects:  23% (87/376)
yandex_compute_instance.reddit-app[1] (remote-exec): Receiving objects:  24% (91/376)
yandex_compute_instance.reddit-app[1] (remote-exec): Receiving objects:  25% (94/376)
yandex_compute_instance.reddit-app[1] (remote-exec): Receiving objects:  26% (98/376)
yandex_compute_instance.reddit-app[1] (remote-exec): Receiving objects:  27% (102/376)
yandex_compute_instance.reddit-app[1] (remote-exec): Receiving objects:  28% (106/376)
yandex_compute_instance.reddit-app[1] (remote-exec): Receiving objects:  29% (110/376)
yandex_compute_instance.reddit-app[1] (remote-exec): Receiving objects:  30% (113/376)
yandex_compute_instance.reddit-app[1] (remote-exec): Receiving objects:  31% (117/376)
yandex_compute_instance.reddit-app[1] (remote-exec): Receiving objects:  32% (121/376)
yandex_compute_instance.reddit-app[1] (remote-exec): Receiving objects:  33% (125/376)
yandex_compute_instance.reddit-app[1] (remote-exec): Receiving objects:  34% (128/376)
yandex_compute_instance.reddit-app[1] (remote-exec): Receiving objects:  35% (132/376)
yandex_compute_instance.reddit-app[1] (remote-exec): Receiving objects:  36% (136/376)
yandex_compute_instance.reddit-app[1] (remote-exec): Receiving objects:  37% (140/376)
yandex_compute_instance.reddit-app[1] (remote-exec): Receiving objects:  38% (143/376)
yandex_compute_instance.reddit-app[1] (remote-exec): Receiving objects:  39% (147/376)
yandex_compute_instance.reddit-app[1] (remote-exec): Receiving objects:  40% (151/376)
yandex_compute_instance.reddit-app[1] (remote-exec): Receiving objects:  41% (155/376)
yandex_compute_instance.reddit-app[1] (remote-exec): Receiving objects:  42% (158/376)
yandex_compute_instance.reddit-app[1] (remote-exec): remote: Total 376 (delta 0), reused 0 (delta 0), pack-reused 371
yandex_compute_instance.reddit-app[1] (remote-exec): Receiving objects:  43% (162/376)
yandex_compute_instance.reddit-app[1] (remote-exec): Receiving objects:  44% (166/376)
yandex_compute_instance.reddit-app[1] (remote-exec): Receiving objects:  45% (170/376)
yandex_compute_instance.reddit-app[1] (remote-exec): Receiving objects:  46% (173/376)
yandex_compute_instance.reddit-app[1] (remote-exec): Receiving objects:  47% (177/376)
yandex_compute_instance.reddit-app[1] (remote-exec): Receiving objects:  48% (181/376)
yandex_compute_instance.reddit-app[1] (remote-exec): Receiving objects:  49% (185/376)
yandex_compute_instance.reddit-app[1] (remote-exec): Receiving objects:  50% (188/376)
yandex_compute_instance.reddit-app[1] (remote-exec): Receiving objects:  51% (192/376)
yandex_compute_instance.reddit-app[1] (remote-exec): Receiving objects:  52% (196/376)
yandex_compute_instance.reddit-app[1] (remote-exec): Receiving objects:  53% (200/376)
yandex_compute_instance.reddit-app[1] (remote-exec): Receiving objects:  54% (204/376)
yandex_compute_instance.reddit-app[1] (remote-exec): Receiving objects:  55% (207/376)
yandex_compute_instance.reddit-app[1] (remote-exec): Receiving objects:  56% (211/376)
yandex_compute_instance.reddit-app[1] (remote-exec): Receiving objects:  57% (215/376)
yandex_compute_instance.reddit-app[1] (remote-exec): Receiving objects:  58% (219/376)
yandex_compute_instance.reddit-app[1] (remote-exec): Receiving objects:  59% (222/376)
yandex_compute_instance.reddit-app[1] (remote-exec): Receiving objects:  60% (226/376)
yandex_compute_instance.reddit-app[1] (remote-exec): Receiving objects:  61% (230/376)
yandex_compute_instance.reddit-app[1] (remote-exec): Receiving objects:  62% (234/376)
yandex_compute_instance.reddit-app[1] (remote-exec): Receiving objects:  63% (237/376)
yandex_compute_instance.reddit-app[1] (remote-exec): Receiving objects:  64% (241/376)
yandex_compute_instance.reddit-app[1] (remote-exec): Receiving objects:  65% (245/376)
yandex_compute_instance.reddit-app[1] (remote-exec): Receiving objects:  66% (249/376)
yandex_compute_instance.reddit-app[1] (remote-exec): Receiving objects:  67% (252/376)
yandex_compute_instance.reddit-app[1] (remote-exec): Receiving objects:  68% (256/376)
yandex_compute_instance.reddit-app[1] (remote-exec): Receiving objects:  69% (260/376)
yandex_compute_instance.reddit-app[1] (remote-exec): Receiving objects:  70% (264/376)
yandex_compute_instance.reddit-app[1] (remote-exec): Receiving objects:  71% (267/376)
yandex_compute_instance.reddit-app[1] (remote-exec): Receiving objects:  72% (271/376)
yandex_compute_instance.reddit-app[1] (remote-exec): Receiving objects:  73% (275/376)
yandex_compute_instance.reddit-app[1] (remote-exec): Receiving objects:  74% (279/376)
yandex_compute_instance.reddit-app[1] (remote-exec): Receiving objects:  75% (282/376)
yandex_compute_instance.reddit-app[1] (remote-exec): Receiving objects:  76% (286/376)
yandex_compute_instance.reddit-app[1] (remote-exec): Receiving objects:  77% (290/376)
yandex_compute_instance.reddit-app[1] (remote-exec): Receiving objects:  78% (294/376)
yandex_compute_instance.reddit-app[1] (remote-exec): Receiving objects:  79% (298/376)
yandex_compute_instance.reddit-app[1] (remote-exec): Receiving objects:  80% (301/376)
yandex_compute_instance.reddit-app[1] (remote-exec): Receiving objects:  81% (305/376)
yandex_compute_instance.reddit-app[1] (remote-exec): Receiving objects:  82% (309/376)
yandex_compute_instance.reddit-app[1] (remote-exec): Receiving objects:  83% (313/376)
yandex_compute_instance.reddit-app[1] (remote-exec): Receiving objects:  84% (316/376)
yandex_compute_instance.reddit-app[1] (remote-exec): Receiving objects:  85% (320/376)
yandex_compute_instance.reddit-app[1] (remote-exec): Receiving objects:  86% (324/376)
yandex_compute_instance.reddit-app[1] (remote-exec): Receiving objects:  87% (328/376)
yandex_compute_instance.reddit-app[1] (remote-exec): Receiving objects:  88% (331/376)
yandex_compute_instance.reddit-app[1] (remote-exec): Receiving objects:  89% (335/376)
yandex_compute_instance.reddit-app[1] (remote-exec): Receiving objects:  90% (339/376)
yandex_compute_instance.reddit-app[1] (remote-exec): Receiving objects:  91% (343/376)
yandex_compute_instance.reddit-app[1] (remote-exec): Receiving objects:  92% (346/376)
yandex_compute_instance.reddit-app[1] (remote-exec): Receiving objects:  93% (350/376)
yandex_compute_instance.reddit-app[1] (remote-exec): Receiving objects:  94% (354/376)
yandex_compute_instance.reddit-app[1] (remote-exec): Receiving objects:  95% (358/376)
yandex_compute_instance.reddit-app[1] (remote-exec): Receiving objects:  96% (361/376)
yandex_compute_instance.reddit-app[1] (remote-exec): Receiving objects:  97% (365/376)
yandex_compute_instance.reddit-app[1] (remote-exec): Receiving objects:  98% (369/376)
yandex_compute_instance.reddit-app[1] (remote-exec): Receiving objects:  99% (373/376)
yandex_compute_instance.reddit-app[1] (remote-exec): Receiving objects: 100% (376/376)
yandex_compute_instance.reddit-app[1] (remote-exec): Receiving objects: 100% (376/376), 67.42 KiB | 0 bytes/s, done.
yandex_compute_instance.reddit-app[1] (remote-exec): Resolving deltas:   0% (0/201)
yandex_compute_instance.reddit-app[1] (remote-exec): Resolving deltas:   7% (16/201)
yandex_compute_instance.reddit-app[1] (remote-exec): Resolving deltas:   9% (20/201)
yandex_compute_instance.reddit-app[1] (remote-exec): Resolving deltas:  14% (29/201)
yandex_compute_instance.reddit-app[1] (remote-exec): Resolving deltas:  15% (31/201)
yandex_compute_instance.reddit-app[1] (remote-exec): Resolving deltas:  19% (39/201)
yandex_compute_instance.reddit-app[1] (remote-exec): Resolving deltas:  20% (41/201)
yandex_compute_instance.reddit-app[1] (remote-exec): Resolving deltas:  21% (43/201)
yandex_compute_instance.reddit-app[1] (remote-exec): Resolving deltas:  22% (46/201)
yandex_compute_instance.reddit-app[1] (remote-exec): Resolving deltas:  23% (48/201)
yandex_compute_instance.reddit-app[1] (remote-exec): Resolving deltas:  27% (55/201)
yandex_compute_instance.reddit-app[1] (remote-exec): Resolving deltas:  28% (57/201)
yandex_compute_instance.reddit-app[1] (remote-exec): Resolving deltas:  31% (63/201)
yandex_compute_instance.reddit-app[1] (remote-exec): Resolving deltas:  32% (65/201)
yandex_compute_instance.reddit-app[1] (remote-exec): Resolving deltas:  36% (73/201)
yandex_compute_instance.reddit-app[1] (remote-exec): Resolving deltas:  38% (77/201)
yandex_compute_instance.reddit-app[1] (remote-exec): Resolving deltas:  40% (82/201)
yandex_compute_instance.reddit-app[1] (remote-exec): Resolving deltas:  41% (83/201)
yandex_compute_instance.reddit-app[1] (remote-exec): Resolving deltas:  42% (85/201)
yandex_compute_instance.reddit-app[1] (remote-exec): Resolving deltas:  44% (90/201)
yandex_compute_instance.reddit-app[1] (remote-exec): Resolving deltas:  46% (93/201)
yandex_compute_instance.reddit-app[1] (remote-exec): Resolving deltas:  49% (99/201)
yandex_compute_instance.reddit-app[1] (remote-exec): Resolving deltas:  51% (104/201)
yandex_compute_instance.reddit-app[1] (remote-exec): Resolving deltas:  52% (106/201)
yandex_compute_instance.reddit-app[1] (remote-exec): Resolving deltas:  54% (109/201)
yandex_compute_instance.reddit-app[1] (remote-exec): Resolving deltas:  57% (116/201)
yandex_compute_instance.reddit-app[1] (remote-exec): Resolving deltas:  58% (117/201)
yandex_compute_instance.reddit-app[1] (remote-exec): Resolving deltas:  59% (120/201)
yandex_compute_instance.reddit-app[1] (remote-exec): Resolving deltas:  62% (125/201)
yandex_compute_instance.reddit-app[1] (remote-exec): Resolving deltas:  63% (127/201)
yandex_compute_instance.reddit-app[1] (remote-exec): Resolving deltas:  65% (132/201)
yandex_compute_instance.reddit-app[1] (remote-exec): Resolving deltas:  68% (138/201)
yandex_compute_instance.reddit-app[1] (remote-exec): Resolving deltas:  70% (141/201)
yandex_compute_instance.reddit-app[1] (remote-exec): Resolving deltas:  73% (147/201)
yandex_compute_instance.reddit-app[1] (remote-exec): Resolving deltas:  74% (150/201)
yandex_compute_instance.reddit-app[1] (remote-exec): Resolving deltas:  75% (151/201)
yandex_compute_instance.reddit-app[1] (remote-exec): Resolving deltas:  76% (154/201)
yandex_compute_instance.reddit-app[1] (remote-exec): Resolving deltas:  77% (155/201)
yandex_compute_instance.reddit-app[1] (remote-exec): Resolving deltas:  80% (161/201)
yandex_compute_instance.reddit-app[1] (remote-exec): Resolving deltas:  82% (165/201)
yandex_compute_instance.reddit-app[1] (remote-exec): Resolving deltas:  83% (167/201)
yandex_compute_instance.reddit-app[1] (remote-exec): Resolving deltas:  84% (169/201)
yandex_compute_instance.reddit-app[1] (remote-exec): Resolving deltas:  85% (171/201)
yandex_compute_instance.reddit-app[1] (remote-exec): Resolving deltas:  86% (174/201)
yandex_compute_instance.reddit-app[1] (remote-exec): Resolving deltas:  87% (176/201)
yandex_compute_instance.reddit-app[1] (remote-exec): Resolving deltas:  90% (181/201)
yandex_compute_instance.reddit-app[1] (remote-exec): Resolving deltas:  91% (184/201)
yandex_compute_instance.reddit-app[1] (remote-exec): Resolving deltas:  93% (188/201)
yandex_compute_instance.reddit-app[1] (remote-exec): Resolving deltas:  95% (191/201)
yandex_compute_instance.reddit-app[1] (remote-exec): Resolving deltas:  96% (193/201)
yandex_compute_instance.reddit-app[1] (remote-exec): Resolving deltas:  97% (196/201)
yandex_compute_instance.reddit-app[1] (remote-exec): Resolving deltas:  98% (198/201)
yandex_compute_instance.reddit-app[1] (remote-exec): Resolving deltas:  99% (199/201)
yandex_compute_instance.reddit-app[1] (remote-exec): Resolving deltas: 100% (201/201)
yandex_compute_instance.reddit-app[1] (remote-exec): Resolving deltas: 100% (201/201), done.
yandex_compute_instance.reddit-app[1] (remote-exec): Checking connectivity... done.
yandex_compute_instance.reddit-app[1]: Still creating... [1m50s elapsed]
yandex_compute_instance.reddit-app[0]: Still creating... [1m50s elapsed]
yandex_compute_instance.reddit-app[1] (remote-exec): Warning: the running version of Bundler is older than the version that created the lockfile. We suggest you upgrade to the latest version of Bundler by running `gem install bundler`.
yandex_compute_instance.reddit-app[1] (remote-exec): 
yandex_compute_instance.reddit-app[1] (remote-exec): Fetching source index from https://rubygems.org/
yandex_compute_instance.reddit-app[1]: Still creating... [2m0s elapsed]
yandex_compute_instance.reddit-app[0]: Still creating... [2m0s elapsed]
yandex_compute_instance.reddit-app[0] (remote-exec): Installing rake 12.0.0
yandex_compute_instance.reddit-app[0] (remote-exec): Installing net-ssh 4.1.0
yandex_compute_instance.reddit-app[1]: Still creating... [2m10s elapsed]
yandex_compute_instance.reddit-app[0]: Still creating... [2m10s elapsed]
yandex_compute_instance.reddit-app[0] (remote-exec): Installing bcrypt 3.1.11 with native extensions
yandex_compute_instance.reddit-app[0] (remote-exec): Installing bson 4.2.2 with native extensions
yandex_compute_instance.reddit-app[0] (remote-exec): Installing bson_ext 1.5.1 with native extensions
yandex_compute_instance.reddit-app[0] (remote-exec): Installing i18n 0.8.6
yandex_compute_instance.reddit-app[0] (remote-exec): Installing puma 3.10.0 with native extensions
yandex_compute_instance.reddit-app[1]: Still creating... [2m20s elapsed]
yandex_compute_instance.reddit-app[0]: Still creating... [2m20s elapsed]
yandex_compute_instance.reddit-app[1] (remote-exec): Installing rake 12.0.0
yandex_compute_instance.reddit-app[1] (remote-exec): Installing net-ssh 4.1.0
yandex_compute_instance.reddit-app[1] (remote-exec): Installing bcrypt 3.1.11 with native extensions
yandex_compute_instance.reddit-app[0] (remote-exec): Installing temple 0.8.0
yandex_compute_instance.reddit-app[0] (remote-exec): Installing tilt 2.0.8
yandex_compute_instance.reddit-app[0] (remote-exec): Installing json 2.1.0 with native extensions
yandex_compute_instance.reddit-app[0] (remote-exec): Installing mustermann 1.0.2
yandex_compute_instance.reddit-app[0] (remote-exec): Installing rack 2.0.5
yandex_compute_instance.reddit-app[0] (remote-exec): Using bundler 1.11.2
yandex_compute_instance.reddit-app[0] (remote-exec): Installing net-scp 1.2.1
yandex_compute_instance.reddit-app[1] (remote-exec): Installing bson 4.2.2 with native extensions
yandex_compute_instance.reddit-app[0] (remote-exec): Installing mongo 2.4.3
yandex_compute_instance.reddit-app[1]: Still creating... [2m30s elapsed]
yandex_compute_instance.reddit-app[0]: Still creating... [2m30s elapsed]
yandex_compute_instance.reddit-app[0] (remote-exec): Installing haml 5.0.2
yandex_compute_instance.reddit-app[0] (remote-exec): Installing rack-protection 2.0.2
yandex_compute_instance.reddit-app[0] (remote-exec): Installing sshkit 1.14.0
yandex_compute_instance.reddit-app[0] (remote-exec): Installing sinatra 2.0.2
yandex_compute_instance.reddit-app[1] (remote-exec): Installing bson_ext 1.5.1 with native extensions
yandex_compute_instance.reddit-app[0] (remote-exec): Installing airbrussh 1.3.0
yandex_compute_instance.reddit-app[0] (remote-exec): Installing capistrano 3.9.0
yandex_compute_instance.reddit-app[0] (remote-exec): Installing capistrano-bundler 1.2.0
yandex_compute_instance.reddit-app[0] (remote-exec): Installing capistrano-rvm 0.1.2
yandex_compute_instance.reddit-app[0] (remote-exec): Installing capistrano3-puma 3.1.1
yandex_compute_instance.reddit-app[0] (remote-exec): Bundle complete! 11 Gemfile dependencies, 24 gems now installed.
yandex_compute_instance.reddit-app[0] (remote-exec): Use `bundle show [gemname]` to see where a bundled gem is installed.
yandex_compute_instance.reddit-app[0] (remote-exec): Post-install message from capistrano3-puma:

yandex_compute_instance.reddit-app[0] (remote-exec):     All plugins need to be explicitly installed with install_plugin.
yandex_compute_instance.reddit-app[0] (remote-exec):     Please see README.md

yandex_compute_instance.reddit-app[0] (remote-exec): Created symlink from /etc/systemd/system/multi-user.target.wants/puma.service to /etc/systemd/system/puma.service.
yandex_compute_instance.reddit-app[0]: Creation complete after 2m35s [id=fhmt3on2iqg3knm7ol70]
yandex_compute_instance.reddit-app[1] (remote-exec): Installing i18n 0.8.6
yandex_compute_instance.reddit-app[1] (remote-exec): Installing puma 3.10.0 with native extensions
yandex_compute_instance.reddit-app[1] (remote-exec): Installing temple 0.8.0
yandex_compute_instance.reddit-app[1] (remote-exec): Installing tilt 2.0.8
yandex_compute_instance.reddit-app[1] (remote-exec): Installing json 2.1.0 with native extensions
yandex_compute_instance.reddit-app[1]: Still creating... [2m40s elapsed]
yandex_compute_instance.reddit-app[1] (remote-exec): Installing mustermann 1.0.2
yandex_compute_instance.reddit-app[1] (remote-exec): Installing rack 2.0.5
yandex_compute_instance.reddit-app[1] (remote-exec): Using bundler 1.11.2
yandex_compute_instance.reddit-app[1] (remote-exec): Installing net-scp 1.2.1
yandex_compute_instance.reddit-app[1] (remote-exec): Installing mongo 2.4.3
yandex_compute_instance.reddit-app[1] (remote-exec): Installing haml 5.0.2
yandex_compute_instance.reddit-app[1] (remote-exec): Installing rack-protection 2.0.2
yandex_compute_instance.reddit-app[1] (remote-exec): Installing sshkit 1.14.0
yandex_compute_instance.reddit-app[1] (remote-exec): Installing sinatra 2.0.2
yandex_compute_instance.reddit-app[1] (remote-exec): Installing airbrussh 1.3.0
yandex_compute_instance.reddit-app[1] (remote-exec): Installing capistrano 3.9.0
yandex_compute_instance.reddit-app[1] (remote-exec): Installing capistrano-bundler 1.2.0
yandex_compute_instance.reddit-app[1] (remote-exec): Installing capistrano-rvm 0.1.2
yandex_compute_instance.reddit-app[1] (remote-exec): Installing capistrano3-puma 3.1.1
yandex_compute_instance.reddit-app[1] (remote-exec): Bundle complete! 11 Gemfile dependencies, 24 gems now installed.
yandex_compute_instance.reddit-app[1] (remote-exec): Use `bundle show [gemname]` to see where a bundled gem is installed.
yandex_compute_instance.reddit-app[1] (remote-exec): Post-install message from capistrano3-puma:

yandex_compute_instance.reddit-app[1] (remote-exec):     All plugins need to be explicitly installed with install_plugin.
yandex_compute_instance.reddit-app[1] (remote-exec):     Please see README.md

yandex_compute_instance.reddit-app[1] (remote-exec): Created symlink from /etc/systemd/system/multi-user.target.wants/puma.service to /etc/systemd/system/puma.service.
yandex_compute_instance.reddit-app[1]: Creation complete after 2m48s [id=fhm0buqsusbr4srrdm94]

Apply complete! Resources: 2 added, 0 changed, 0 destroyed.

Outputs:

external_ip_address = [
  "158.160.41.206",
  "158.160.36.80",
]
✔ ~/Project/aasdhajkshd_infra/terraform [terraform-1 L …1Δ1∃7] 
[elnone@thinky] 14:17 $ terraform destroy
yandex_compute_instance.reddit-app[1]: Refreshing state... [id=fhm0buqsusbr4srrdm94]
yandex_compute_instance.reddit-app[0]: Refreshing state... [id=fhmt3on2iqg3knm7ol70]

Terraform used the selected providers to generate the following execution plan. Resource actions are indicated with the following symbols:
  - destroy

Terraform will perform the following actions:

  # yandex_compute_instance.reddit-app[0] will be destroyed
  - resource "yandex_compute_instance" "reddit-app" {
      - allow_stopping_for_update = true -> null
      - created_at                = "2023-07-08T11:14:56Z" -> null
      - folder_id                 = "b1g0da3u1gqk0nansi59" -> null
      - fqdn                      = "fhmt3on2iqg3knm7ol70.auto.internal" -> null
      - id                        = "fhmt3on2iqg3knm7ol70" -> null
      - labels                    = {} -> null
      - metadata                  = {
          - "user-data" = <<-EOT
                #cloud-config
                package_update: false
                package_upgrade: false
                users:
                  - name: ubuntu
                    groups: sudo
                    shell: /bin/bash
                    sudo: ['ALL=(ALL) NOPASSWD:ALL']
                    ssh_authorized_keys:
                      - ssh-rsa AAAAB3NzaC1yc2EAAAADAQABAAABAQCxAzVxg3K3JJ0Tpsw+Qs+N2/IKNR2mfhcUT8Whdpzeby7/BOxS6HmydwD01YxFBJQgXi07Mj7RkplyOIz+wc7sZtPGQ9Ju9/2b9zVbM+T5WAO2hPlv38IeJMKRRG3RttYXeS3OfjfegkvwYorpCP3VgDaDp6xu2GQ3G3mESkh/DNjnH6oaYexSQ+GL9AU7k14vNwjK57su5ARn/dUbJln7F4RdFjL2++tZRGp6RGKEIf4KdZamA5SUsRkqwr6hJWQcpaRKLucBK8RSQGCEODVPZIDZ9/VHU1rJwGeKHuNKeLQjChfj1H4WkIOAS7q+x8rNCa4ZAZL+sL6kTuftNFMp appuser@yc
                  - name: reddit
                    passwd: $6$VMB6iWdM$V/Pw803Xly5/.rrEje5ngDTN9vbBfVpNoWUomES0UFDQ9r1uc6119iuayG85D13rkJbj042xbsJXgsvMaI5ps/
                    shell: /bin/bash
            EOT
        } -> null
      - name                      = "reddit-app-0" -> null
      - network_acceleration_type = "standard" -> null
      - platform_id               = "standard-v1" -> null
      - status                    = "running" -> null
      - zone                      = "ru-central1-a" -> null

      - boot_disk {
          - auto_delete = true -> null
          - device_name = "fhmg5lpc19bhmbpauhp8" -> null
          - disk_id     = "fhmg5lpc19bhmbpauhp8" -> null
          - mode        = "READ_WRITE" -> null

          - initialize_params {
              - block_size = 4096 -> null
              - image_id   = "fd8idgg4s709v05bagtm" -> null
              - size       = 10 -> null
              - type       = "network-hdd" -> null
            }
        }

      - metadata_options {
          - aws_v1_http_endpoint = 1 -> null
          - aws_v1_http_token    = 2 -> null
          - gce_http_endpoint    = 1 -> null
          - gce_http_token       = 1 -> null
        }

      - network_interface {
          - index              = 0 -> null
          - ip_address         = "10.128.0.11" -> null
          - ipv4               = true -> null
          - ipv6               = false -> null
          - mac_address        = "d0:0d:1d:1e:2e:29" -> null
          - nat                = true -> null
          - nat_ip_address     = "158.160.41.206" -> null
          - nat_ip_version     = "IPV4" -> null
          - security_group_ids = [] -> null
          - subnet_id          = "e9bi9oji8ljojstbt6cp" -> null
        }

      - placement_policy {
          - host_affinity_rules = [] -> null
        }

      - resources {
          - core_fraction = 5 -> null
          - cores         = 2 -> null
          - gpus          = 0 -> null
          - memory        = 2 -> null
        }

      - scheduling_policy {
          - preemptible = false -> null
        }
    }

  # yandex_compute_instance.reddit-app[1] will be destroyed
  - resource "yandex_compute_instance" "reddit-app" {
      - allow_stopping_for_update = true -> null
      - created_at                = "2023-07-08T11:14:56Z" -> null
      - folder_id                 = "b1g0da3u1gqk0nansi59" -> null
      - fqdn                      = "fhm0buqsusbr4srrdm94.auto.internal" -> null
      - id                        = "fhm0buqsusbr4srrdm94" -> null
      - labels                    = {} -> null
      - metadata                  = {
          - "user-data" = <<-EOT
                #cloud-config
                package_update: false
                package_upgrade: false
                users:
                  - name: ubuntu
                    groups: sudo
                    shell: /bin/bash
                    sudo: ['ALL=(ALL) NOPASSWD:ALL']
                    ssh_authorized_keys:
                      - ssh-rsa AAAAB3NzaC1yc2EAAAADAQABAAABAQCxAzVxg3K3JJ0Tpsw+Qs+N2/IKNR2mfhcUT8Whdpzeby7/BOxS6HmydwD01YxFBJQgXi07Mj7RkplyOIz+wc7sZtPGQ9Ju9/2b9zVbM+T5WAO2hPlv38IeJMKRRG3RttYXeS3OfjfegkvwYorpCP3VgDaDp6xu2GQ3G3mESkh/DNjnH6oaYexSQ+GL9AU7k14vNwjK57su5ARn/dUbJln7F4RdFjL2++tZRGp6RGKEIf4KdZamA5SUsRkqwr6hJWQcpaRKLucBK8RSQGCEODVPZIDZ9/VHU1rJwGeKHuNKeLQjChfj1H4WkIOAS7q+x8rNCa4ZAZL+sL6kTuftNFMp appuser@yc
                  - name: reddit
                    passwd: $6$VMB6iWdM$V/Pw803Xly5/.rrEje5ngDTN9vbBfVpNoWUomES0UFDQ9r1uc6119iuayG85D13rkJbj042xbsJXgsvMaI5ps/
                    shell: /bin/bash
            EOT
        } -> null
      - name                      = "reddit-app-1" -> null
      - network_acceleration_type = "standard" -> null
      - platform_id               = "standard-v1" -> null
      - status                    = "running" -> null
      - zone                      = "ru-central1-a" -> null

      - boot_disk {
          - auto_delete = true -> null
          - device_name = "fhmfuhn9h8ge0gkn8fl1" -> null
          - disk_id     = "fhmfuhn9h8ge0gkn8fl1" -> null
          - mode        = "READ_WRITE" -> null

          - initialize_params {
              - block_size = 4096 -> null
              - image_id   = "fd8idgg4s709v05bagtm" -> null
              - size       = 10 -> null
              - type       = "network-hdd" -> null
            }
        }

      - metadata_options {
          - aws_v1_http_endpoint = 1 -> null
          - aws_v1_http_token    = 2 -> null
          - gce_http_endpoint    = 1 -> null
          - gce_http_token       = 1 -> null
        }

      - network_interface {
          - index              = 0 -> null
          - ip_address         = "10.128.0.21" -> null
          - ipv4               = true -> null
          - ipv6               = false -> null
          - mac_address        = "d0:0d:5f:b5:cf:71" -> null
          - nat                = true -> null
          - nat_ip_address     = "158.160.36.80" -> null
          - nat_ip_version     = "IPV4" -> null
          - security_group_ids = [] -> null
          - subnet_id          = "e9bi9oji8ljojstbt6cp" -> null
        }

      - placement_policy {
          - host_affinity_rules = [] -> null
        }

      - resources {
          - core_fraction = 5 -> null
          - cores         = 2 -> null
          - gpus          = 0 -> null
          - memory        = 2 -> null
        }

      - scheduling_policy {
          - preemptible = false -> null
        }
    }

Plan: 0 to add, 0 to change, 2 to destroy.

Changes to Outputs:
  - external_ip_address = [
      - "158.160.41.206",
      - "158.160.36.80",
    ] -> null

Do you really want to destroy all resources?
  Terraform will destroy all your managed infrastructure, as shown above.
  There is no undo. Only 'yes' will be accepted to confirm.

  Enter a value: yes

yandex_compute_instance.reddit-app[0]: Destroying... [id=fhmt3on2iqg3knm7ol70]
yandex_compute_instance.reddit-app[1]: Destroying... [id=fhm0buqsusbr4srrdm94]
yandex_compute_instance.reddit-app[0]: Still destroying... [id=fhmt3on2iqg3knm7ol70, 10s elapsed]
yandex_compute_instance.reddit-app[1]: Still destroying... [id=fhm0buqsusbr4srrdm94, 10s elapsed]
yandex_compute_instance.reddit-app[1]: Still destroying... [id=fhm0buqsusbr4srrdm94, 20s elapsed]
yandex_compute_instance.reddit-app[0]: Still destroying... [id=fhmt3on2iqg3knm7ol70, 20s elapsed]
yandex_compute_instance.reddit-app[1]: Destruction complete after 22s
yandex_compute_instance.reddit-app[0]: Destruction complete after 24s

Destroy complete! Resources: 2 destroyed.

