$ terraform apply

Terraform used the selected providers to generate the following execution plan. Resource actions are indicated with the following symbols:
  + create

Terraform will perform the following actions:

  # yandex_compute_instance.reddit-app[0] will be created
  + resource "yandex_compute_instance" "reddit-app" {
      + allow_stopping_for_update = true
      + created_at                = (known after apply)
      + folder_id                 = (known after apply)
      + fqdn                      = (known after apply)
      + gpu_cluster_id            = (known after apply)
      + hostname                  = (known after apply)
      + id                        = (known after apply)
      + metadata                  = {
          + "ssh-keys" = <<-EOT
                ubuntu:ssh-rsa AAAAB3NzaC1yc2EAAAADAQABAAABAQCxAzVxg3K3JJ0Tpsw+Qs+N2/IKNR2mfhcUT8Whdpzeby7/BOxS6HmydwD01YxFBJQgXi07Mj7RkplyOIz+wc7sZtPGQ9Ju9/2b9zVbM+T5WAO2hPlv38IeJMKRRG3RttYXeS3OfjfegkvwYorpCP3VgDaDp6xu2GQ3G3mESkh/DNjnH6oaYexSQ+GL9AU7k14vNwjK57su5ARn/dUbJln7F4RdFjL2++tZRGp6RGKEIf4KdZamA5SUsRkqwr6hJWQcpaRKLucBK8RSQGCEODVPZIDZ9/VHU1rJwGeKHuNKeLQjChfj1H4WkIOAS7q+x8rNCa4ZAZL+sL6kTuftNFMp appuser@yc
            EOT
        }
      + name                      = "reddit-app-0"
      + network_acceleration_type = "standard"
      + platform_id               = "standard-v1"
      + service_account_id        = (known after apply)
      + status                    = (known after apply)
      + zone                      = (known after apply)

      + boot_disk {
          + auto_delete = true
          + device_name = (known after apply)
          + disk_id     = (known after apply)
          + mode        = (known after apply)

          + initialize_params {
              + block_size  = (known after apply)
              + description = (known after apply)
              + image_id    = "fd8idgg4s709v05bagtm"
              + name        = (known after apply)
              + size        = (known after apply)
              + snapshot_id = (known after apply)
              + type        = "network-hdd"
            }
        }

      + network_interface {
          + index              = (known after apply)
          + ip_address         = (known after apply)
          + ipv4               = true
          + ipv6               = (known after apply)
          + ipv6_address       = (known after apply)
          + mac_address        = (known after apply)
          + nat                = true
          + nat_ip_address     = (known after apply)
          + nat_ip_version     = (known after apply)
          + security_group_ids = (known after apply)
          + subnet_id          = "e9bi9oji8ljojstbt6cp"
        }

      + resources {
          + core_fraction = 5
          + cores         = 2
          + memory        = 2
        }
    }

  # yandex_compute_instance.reddit-app[1] will be created
  + resource "yandex_compute_instance" "reddit-app" {
      + allow_stopping_for_update = true
      + created_at                = (known after apply)
      + folder_id                 = (known after apply)
      + fqdn                      = (known after apply)
      + gpu_cluster_id            = (known after apply)
      + hostname                  = (known after apply)
      + id                        = (known after apply)
      + metadata                  = {
          + "ssh-keys" = <<-EOT
                ubuntu:ssh-rsa AAAAB3NzaC1yc2EAAAADAQABAAABAQCxAzVxg3K3JJ0Tpsw+Qs+N2/IKNR2mfhcUT8Whdpzeby7/BOxS6HmydwD01YxFBJQgXi07Mj7RkplyOIz+wc7sZtPGQ9Ju9/2b9zVbM+T5WAO2hPlv38IeJMKRRG3RttYXeS3OfjfegkvwYorpCP3VgDaDp6xu2GQ3G3mESkh/DNjnH6oaYexSQ+GL9AU7k14vNwjK57su5ARn/dUbJln7F4RdFjL2++tZRGp6RGKEIf4KdZamA5SUsRkqwr6hJWQcpaRKLucBK8RSQGCEODVPZIDZ9/VHU1rJwGeKHuNKeLQjChfj1H4WkIOAS7q+x8rNCa4ZAZL+sL6kTuftNFMp appuser@yc
            EOT
        }
      + name                      = "reddit-app-1"
      + network_acceleration_type = "standard"
      + platform_id               = "standard-v1"
      + service_account_id        = (known after apply)
      + status                    = (known after apply)
      + zone                      = (known after apply)

      + boot_disk {
          + auto_delete = true
          + device_name = (known after apply)
          + disk_id     = (known after apply)
          + mode        = (known after apply)

          + initialize_params {
              + block_size  = (known after apply)
              + description = (known after apply)
              + image_id    = "fd8idgg4s709v05bagtm"
              + name        = (known after apply)
              + size        = (known after apply)
              + snapshot_id = (known after apply)
              + type        = "network-hdd"
            }
        }

      + network_interface {
          + index              = (known after apply)
          + ip_address         = (known after apply)
          + ipv4               = true
          + ipv6               = (known after apply)
          + ipv6_address       = (known after apply)
          + mac_address        = (known after apply)
          + nat                = true
          + nat_ip_address     = (known after apply)
          + nat_ip_version     = (known after apply)
          + security_group_ids = (known after apply)
          + subnet_id          = "e9bi9oji8ljojstbt6cp"
        }

      + resources {
          + core_fraction = 5
          + cores         = 2
          + memory        = 2
        }
    }

  # yandex_lb_network_load_balancer.reddit-app will be created
  + resource "yandex_lb_network_load_balancer" "reddit-app" {
      + created_at          = (known after apply)
      + deletion_protection = (known after apply)
      + folder_id           = (known after apply)
      + id                  = (known after apply)
      + name                = "reddit-app"
      + region_id           = (known after apply)
      + type                = "external"

      + attached_target_group {
          + target_group_id = (known after apply)

          + healthcheck {
              + healthy_threshold   = 2
              + interval            = 2
              + name                = "http"
              + timeout             = 1
              + unhealthy_threshold = 2

              + http_options {
                  + path = "/"
                  + port = 9292
                }
            }
        }

      + listener {
          + name        = "listener-reddit-app"
          + port        = 9292
          + protocol    = (known after apply)
          + target_port = (known after apply)

          + external_address_spec {
              + address    = (known after apply)
              + ip_version = "ipv4"
            }
        }
    }

  # yandex_lb_target_group.reddit-app will be created
  + resource "yandex_lb_target_group" "reddit-app" {
      + created_at = (known after apply)
      + folder_id  = (known after apply)
      + id         = (known after apply)
      + name       = "reddit-app"
      + region_id  = (known after apply)

      + target {
          + address   = (known after apply)
          + subnet_id = "e9bi9oji8ljojstbt6cp"
        }
      + target {
          + address   = (known after apply)
          + subnet_id = "e9bi9oji8ljojstbt6cp"
        }
    }

Plan: 4 to add, 0 to change, 0 to destroy.

Changes to Outputs:
  + external_ip_address = [
      + (known after apply),
      + (known after apply),
    ]
  + lb_ip_address       = [
      + (known after apply),
    ]

Do you want to perform these actions?
  Terraform will perform the actions described above.
  Only 'yes' will be accepted to approve.

  Enter a value: yes

yandex_compute_instance.reddit-app[0]: Creating...
yandex_compute_instance.reddit-app[1]: Creating...
yandex_compute_instance.reddit-app[1]: Still creating... [10s elapsed]
yandex_compute_instance.reddit-app[0]: Still creating... [10s elapsed]
yandex_compute_instance.reddit-app[0]: Still creating... [20s elapsed]
yandex_compute_instance.reddit-app[1]: Still creating... [20s elapsed]
yandex_compute_instance.reddit-app[0]: Still creating... [30s elapsed]
yandex_compute_instance.reddit-app[1]: Still creating... [30s elapsed]
yandex_compute_instance.reddit-app[0]: Still creating... [40s elapsed]
yandex_compute_instance.reddit-app[1]: Still creating... [40s elapsed]
yandex_compute_instance.reddit-app[1]: Still creating... [50s elapsed]
yandex_compute_instance.reddit-app[0]: Still creating... [50s elapsed]
yandex_compute_instance.reddit-app[0]: Provisioning with 'file'...
yandex_compute_instance.reddit-app[0]: Still creating... [1m0s elapsed]
yandex_compute_instance.reddit-app[1]: Still creating... [1m0s elapsed]
yandex_compute_instance.reddit-app[1]: Provisioning with 'file'...
yandex_compute_instance.reddit-app[0]: Still creating... [1m10s elapsed]
yandex_compute_instance.reddit-app[1]: Still creating... [1m10s elapsed]
yandex_compute_instance.reddit-app[1]: Still creating... [1m20s elapsed]
yandex_compute_instance.reddit-app[0]: Still creating... [1m20s elapsed]
yandex_compute_instance.reddit-app[0]: Still creating... [1m30s elapsed]
yandex_compute_instance.reddit-app[1]: Still creating... [1m30s elapsed]
yandex_compute_instance.reddit-app[0]: Provisioning with 'remote-exec'...
yandex_compute_instance.reddit-app[0] (remote-exec): Connecting to remote host via SSH...
yandex_compute_instance.reddit-app[0] (remote-exec):   Host: 51.250.82.117
yandex_compute_instance.reddit-app[0] (remote-exec):   User: ubuntu
yandex_compute_instance.reddit-app[0] (remote-exec):   Password: false
yandex_compute_instance.reddit-app[0] (remote-exec):   Private key: true
yandex_compute_instance.reddit-app[0] (remote-exec):   Certificate: false
yandex_compute_instance.reddit-app[0] (remote-exec):   SSH Agent: false
yandex_compute_instance.reddit-app[0] (remote-exec):   Checking Host Key: false
yandex_compute_instance.reddit-app[0] (remote-exec):   Target Platform: unix
yandex_compute_instance.reddit-app[0] (remote-exec): Connected!
yandex_compute_instance.reddit-app[0] (remote-exec): Cloning into '/home/ubuntu/reddit'...
yandex_compute_instance.reddit-app[1]: Still creating... [1m40s elapsed]
yandex_compute_instance.reddit-app[0]: Still creating... [1m40s elapsed]
yandex_compute_instance.reddit-app[0] (remote-exec): remote: Enumerating objects: 376, done.
yandex_compute_instance.reddit-app[0] (remote-exec): remote: Counting objects:  20% (1/5)
yandex_compute_instance.reddit-app[0] (remote-exec): remote: Counting objects:  40% (2/5)
yandex_compute_instance.reddit-app[0] (remote-exec): remote: Counting objects:  60% (3/5)
yandex_compute_instance.reddit-app[0] (remote-exec): remote: Counting objects:  80% (4/5)
yandex_compute_instance.reddit-app[0] (remote-exec): remote: Counting objects: 100% (5/5)
yandex_compute_instance.reddit-app[0] (remote-exec): remote: Counting objects: 100% (5/5), done.
yandex_compute_instance.reddit-app[0] (remote-exec): remote: Compressing objects:  20% (1/5)
yandex_compute_instance.reddit-app[0] (remote-exec): remote: Compressing objects:  40% (2/5)
yandex_compute_instance.reddit-app[0] (remote-exec): remote: Compressing objects:  60% (3/5)
yandex_compute_instance.reddit-app[0] (remote-exec): remote: Compressing objects:  80% (4/5)
yandex_compute_instance.reddit-app[0] (remote-exec): remote: Compressing objects: 100% (5/5)
yandex_compute_instance.reddit-app[0] (remote-exec): remote: Compressing objects: 100% (5/5), done.
yandex_compute_instance.reddit-app[0] (remote-exec): Receiving objects:   0% (1/376)
yandex_compute_instance.reddit-app[0] (remote-exec): Receiving objects:   1% (4/376)
yandex_compute_instance.reddit-app[0] (remote-exec): Receiving objects:   2% (8/376)
yandex_compute_instance.reddit-app[0] (remote-exec): Receiving objects:   3% (12/376)
yandex_compute_instance.reddit-app[0] (remote-exec): Receiving objects:   4% (16/376)
yandex_compute_instance.reddit-app[0] (remote-exec): Receiving objects:   5% (19/376)
yandex_compute_instance.reddit-app[0] (remote-exec): Receiving objects:   6% (23/376)
yandex_compute_instance.reddit-app[0] (remote-exec): Receiving objects:   7% (27/376)
yandex_compute_instance.reddit-app[0] (remote-exec): Receiving objects:   8% (31/376)
yandex_compute_instance.reddit-app[0] (remote-exec): Receiving objects:   9% (34/376)
yandex_compute_instance.reddit-app[0] (remote-exec): Receiving objects:  10% (38/376)
yandex_compute_instance.reddit-app[0] (remote-exec): Receiving objects:  11% (42/376)
yandex_compute_instance.reddit-app[0] (remote-exec): Receiving objects:  12% (46/376)
yandex_compute_instance.reddit-app[0] (remote-exec): Receiving objects:  13% (49/376)
yandex_compute_instance.reddit-app[0] (remote-exec): Receiving objects:  14% (53/376)
yandex_compute_instance.reddit-app[0] (remote-exec): Receiving objects:  15% (57/376)
yandex_compute_instance.reddit-app[0] (remote-exec): Receiving objects:  16% (61/376)
yandex_compute_instance.reddit-app[0] (remote-exec): Receiving objects:  17% (64/376)
yandex_compute_instance.reddit-app[0] (remote-exec): Receiving objects:  18% (68/376)
yandex_compute_instance.reddit-app[0] (remote-exec): Receiving objects:  19% (72/376)
yandex_compute_instance.reddit-app[0] (remote-exec): Receiving objects:  20% (76/376)
yandex_compute_instance.reddit-app[0] (remote-exec): Receiving objects:  21% (79/376)
yandex_compute_instance.reddit-app[0] (remote-exec): Receiving objects:  22% (83/376)
yandex_compute_instance.reddit-app[0] (remote-exec): Receiving objects:  23% (87/376)
yandex_compute_instance.reddit-app[0] (remote-exec): Receiving objects:  24% (91/376)
yandex_compute_instance.reddit-app[0] (remote-exec): Receiving objects:  25% (94/376)
yandex_compute_instance.reddit-app[0] (remote-exec): Receiving objects:  26% (98/376)
yandex_compute_instance.reddit-app[0] (remote-exec): Receiving objects:  27% (102/376)
yandex_compute_instance.reddit-app[0] (remote-exec): Receiving objects:  28% (106/376)
yandex_compute_instance.reddit-app[0] (remote-exec): Receiving objects:  29% (110/376)
yandex_compute_instance.reddit-app[0] (remote-exec): Receiving objects:  30% (113/376)
yandex_compute_instance.reddit-app[0] (remote-exec): Receiving objects:  31% (117/376)
yandex_compute_instance.reddit-app[0] (remote-exec): Receiving objects:  32% (121/376)
yandex_compute_instance.reddit-app[0] (remote-exec): Receiving objects:  33% (125/376)
yandex_compute_instance.reddit-app[0] (remote-exec): Receiving objects:  34% (128/376)
yandex_compute_instance.reddit-app[0] (remote-exec): Receiving objects:  35% (132/376)
yandex_compute_instance.reddit-app[0] (remote-exec): Receiving objects:  36% (136/376)
yandex_compute_instance.reddit-app[0] (remote-exec): Receiving objects:  37% (140/376)
yandex_compute_instance.reddit-app[0] (remote-exec): Receiving objects:  38% (143/376)
yandex_compute_instance.reddit-app[0] (remote-exec): Receiving objects:  39% (147/376)
yandex_compute_instance.reddit-app[0] (remote-exec): Receiving objects:  40% (151/376)
yandex_compute_instance.reddit-app[0] (remote-exec): Receiving objects:  41% (155/376)
yandex_compute_instance.reddit-app[0] (remote-exec): Receiving objects:  42% (158/376)
yandex_compute_instance.reddit-app[0] (remote-exec): remote: Total 376 (delta 0), reused 0 (delta 0), pack-reused 371
yandex_compute_instance.reddit-app[0] (remote-exec): Receiving objects:  43% (162/376)
yandex_compute_instance.reddit-app[0] (remote-exec): Receiving objects:  44% (166/376)
yandex_compute_instance.reddit-app[0] (remote-exec): Receiving objects:  45% (170/376)
yandex_compute_instance.reddit-app[0] (remote-exec): Receiving objects:  46% (173/376)
yandex_compute_instance.reddit-app[0] (remote-exec): Receiving objects:  47% (177/376)
yandex_compute_instance.reddit-app[0] (remote-exec): Receiving objects:  48% (181/376)
yandex_compute_instance.reddit-app[0] (remote-exec): Receiving objects:  49% (185/376)
yandex_compute_instance.reddit-app[0] (remote-exec): Receiving objects:  50% (188/376)
yandex_compute_instance.reddit-app[0] (remote-exec): Receiving objects:  51% (192/376)
yandex_compute_instance.reddit-app[0] (remote-exec): Receiving objects:  52% (196/376)
yandex_compute_instance.reddit-app[0] (remote-exec): Receiving objects:  53% (200/376)
yandex_compute_instance.reddit-app[0] (remote-exec): Receiving objects:  54% (204/376)
yandex_compute_instance.reddit-app[0] (remote-exec): Receiving objects:  55% (207/376)
yandex_compute_instance.reddit-app[0] (remote-exec): Receiving objects:  56% (211/376)
yandex_compute_instance.reddit-app[0] (remote-exec): Receiving objects:  57% (215/376)
yandex_compute_instance.reddit-app[0] (remote-exec): Receiving objects:  58% (219/376)
yandex_compute_instance.reddit-app[0] (remote-exec): Receiving objects:  59% (222/376)
yandex_compute_instance.reddit-app[0] (remote-exec): Receiving objects:  60% (226/376)
yandex_compute_instance.reddit-app[0] (remote-exec): Receiving objects:  61% (230/376)
yandex_compute_instance.reddit-app[0] (remote-exec): Receiving objects:  62% (234/376)
yandex_compute_instance.reddit-app[0] (remote-exec): Receiving objects:  63% (237/376)
yandex_compute_instance.reddit-app[0] (remote-exec): Receiving objects:  64% (241/376)
yandex_compute_instance.reddit-app[0] (remote-exec): Receiving objects:  65% (245/376)
yandex_compute_instance.reddit-app[0] (remote-exec): Receiving objects:  66% (249/376)
yandex_compute_instance.reddit-app[0] (remote-exec): Receiving objects:  67% (252/376)
yandex_compute_instance.reddit-app[0] (remote-exec): Receiving objects:  68% (256/376)
yandex_compute_instance.reddit-app[0] (remote-exec): Receiving objects:  69% (260/376)
yandex_compute_instance.reddit-app[0] (remote-exec): Receiving objects:  70% (264/376)
yandex_compute_instance.reddit-app[0] (remote-exec): Receiving objects:  71% (267/376)
yandex_compute_instance.reddit-app[0] (remote-exec): Receiving objects:  72% (271/376)
yandex_compute_instance.reddit-app[0] (remote-exec): Receiving objects:  73% (275/376)
yandex_compute_instance.reddit-app[0] (remote-exec): Receiving objects:  74% (279/376)
yandex_compute_instance.reddit-app[0] (remote-exec): Receiving objects:  75% (282/376)
yandex_compute_instance.reddit-app[0] (remote-exec): Receiving objects:  76% (286/376)
yandex_compute_instance.reddit-app[0] (remote-exec): Receiving objects:  77% (290/376)
yandex_compute_instance.reddit-app[0] (remote-exec): Receiving objects:  78% (294/376)
yandex_compute_instance.reddit-app[0] (remote-exec): Receiving objects:  79% (298/376)
yandex_compute_instance.reddit-app[0] (remote-exec): Receiving objects:  80% (301/376)
yandex_compute_instance.reddit-app[0] (remote-exec): Receiving objects:  81% (305/376)
yandex_compute_instance.reddit-app[0] (remote-exec): Receiving objects:  82% (309/376)
yandex_compute_instance.reddit-app[0] (remote-exec): Receiving objects:  83% (313/376)
yandex_compute_instance.reddit-app[0] (remote-exec): Receiving objects:  84% (316/376)
yandex_compute_instance.reddit-app[0] (remote-exec): Receiving objects:  85% (320/376)
yandex_compute_instance.reddit-app[0] (remote-exec): Receiving objects:  86% (324/376)
yandex_compute_instance.reddit-app[0] (remote-exec): Receiving objects:  87% (328/376)
yandex_compute_instance.reddit-app[0] (remote-exec): Receiving objects:  88% (331/376)
yandex_compute_instance.reddit-app[0] (remote-exec): Receiving objects:  89% (335/376)
yandex_compute_instance.reddit-app[0] (remote-exec): Receiving objects:  90% (339/376)
yandex_compute_instance.reddit-app[0] (remote-exec): Receiving objects:  91% (343/376)
yandex_compute_instance.reddit-app[0] (remote-exec): Receiving objects:  92% (346/376)
yandex_compute_instance.reddit-app[0] (remote-exec): Receiving objects:  93% (350/376)
yandex_compute_instance.reddit-app[0] (remote-exec): Receiving objects:  94% (354/376)
yandex_compute_instance.reddit-app[0] (remote-exec): Receiving objects:  95% (358/376)
yandex_compute_instance.reddit-app[0] (remote-exec): Receiving objects:  96% (361/376)
yandex_compute_instance.reddit-app[0] (remote-exec): Receiving objects:  97% (365/376)
yandex_compute_instance.reddit-app[0] (remote-exec): Receiving objects:  98% (369/376)
yandex_compute_instance.reddit-app[0] (remote-exec): Receiving objects:  99% (373/376)
yandex_compute_instance.reddit-app[0] (remote-exec): Receiving objects: 100% (376/376)
yandex_compute_instance.reddit-app[0] (remote-exec): Receiving objects: 100% (376/376), 67.42 KiB | 0 bytes/s, done.
yandex_compute_instance.reddit-app[0] (remote-exec): Resolving deltas:   0% (0/201)
yandex_compute_instance.reddit-app[0] (remote-exec): Resolving deltas:   7% (16/201)
yandex_compute_instance.reddit-app[0] (remote-exec): Resolving deltas:   9% (20/201)
yandex_compute_instance.reddit-app[0] (remote-exec): Resolving deltas:  14% (29/201)
yandex_compute_instance.reddit-app[0] (remote-exec): Resolving deltas:  15% (31/201)
yandex_compute_instance.reddit-app[0] (remote-exec): Resolving deltas:  19% (39/201)
yandex_compute_instance.reddit-app[0] (remote-exec): Resolving deltas:  20% (41/201)
yandex_compute_instance.reddit-app[0] (remote-exec): Resolving deltas:  21% (43/201)
yandex_compute_instance.reddit-app[0] (remote-exec): Resolving deltas:  22% (46/201)
yandex_compute_instance.reddit-app[0] (remote-exec): Resolving deltas:  23% (48/201)
yandex_compute_instance.reddit-app[0] (remote-exec): Resolving deltas:  27% (55/201)
yandex_compute_instance.reddit-app[0] (remote-exec): Resolving deltas:  28% (57/201)
yandex_compute_instance.reddit-app[0] (remote-exec): Resolving deltas:  31% (63/201)
yandex_compute_instance.reddit-app[0] (remote-exec): Resolving deltas:  32% (65/201)
yandex_compute_instance.reddit-app[0] (remote-exec): Resolving deltas:  36% (73/201)
yandex_compute_instance.reddit-app[0] (remote-exec): Resolving deltas:  38% (77/201)
yandex_compute_instance.reddit-app[0] (remote-exec): Resolving deltas:  40% (82/201)
yandex_compute_instance.reddit-app[0] (remote-exec): Resolving deltas:  41% (83/201)
yandex_compute_instance.reddit-app[0] (remote-exec): Resolving deltas:  43% (88/201)
yandex_compute_instance.reddit-app[0] (remote-exec): Resolving deltas:  44% (90/201)
yandex_compute_instance.reddit-app[0] (remote-exec): Resolving deltas:  47% (96/201)
yandex_compute_instance.reddit-app[0] (remote-exec): Resolving deltas:  49% (99/201)
yandex_compute_instance.reddit-app[0] (remote-exec): Resolving deltas:  51% (104/201)
yandex_compute_instance.reddit-app[0] (remote-exec): Resolving deltas:  55% (111/201)
yandex_compute_instance.reddit-app[0] (remote-exec): Resolving deltas:  56% (113/201)
yandex_compute_instance.reddit-app[0] (remote-exec): Resolving deltas:  57% (116/201)
yandex_compute_instance.reddit-app[0] (remote-exec): Resolving deltas:  58% (117/201)
yandex_compute_instance.reddit-app[0] (remote-exec): Resolving deltas:  60% (122/201)
yandex_compute_instance.reddit-app[0] (remote-exec): Resolving deltas:  62% (125/201)
yandex_compute_instance.reddit-app[0] (remote-exec): Resolving deltas:  63% (127/201)
yandex_compute_instance.reddit-app[0] (remote-exec): Resolving deltas:  66% (133/201)
yandex_compute_instance.reddit-app[0] (remote-exec): Resolving deltas:  68% (138/201)
yandex_compute_instance.reddit-app[0] (remote-exec): Resolving deltas:  70% (141/201)
yandex_compute_instance.reddit-app[0] (remote-exec): Resolving deltas:  73% (147/201)
yandex_compute_instance.reddit-app[0] (remote-exec): Resolving deltas:  74% (150/201)
yandex_compute_instance.reddit-app[0] (remote-exec): Resolving deltas:  76% (153/201)
yandex_compute_instance.reddit-app[0] (remote-exec): Resolving deltas:  77% (155/201)
yandex_compute_instance.reddit-app[0] (remote-exec): Resolving deltas:  80% (161/201)
yandex_compute_instance.reddit-app[0] (remote-exec): Resolving deltas:  81% (164/201)
yandex_compute_instance.reddit-app[0] (remote-exec): Resolving deltas:  83% (167/201)
yandex_compute_instance.reddit-app[0] (remote-exec): Resolving deltas:  84% (169/201)
yandex_compute_instance.reddit-app[0] (remote-exec): Resolving deltas:  85% (171/201)
yandex_compute_instance.reddit-app[0] (remote-exec): Resolving deltas:  86% (174/201)
yandex_compute_instance.reddit-app[0] (remote-exec): Resolving deltas:  89% (179/201)
yandex_compute_instance.reddit-app[0] (remote-exec): Resolving deltas:  90% (181/201)
yandex_compute_instance.reddit-app[0] (remote-exec): Resolving deltas:  91% (184/201)
yandex_compute_instance.reddit-app[0] (remote-exec): Resolving deltas:  92% (186/201)
yandex_compute_instance.reddit-app[0] (remote-exec): Resolving deltas:  94% (190/201)
yandex_compute_instance.reddit-app[0] (remote-exec): Resolving deltas:  96% (193/201)
yandex_compute_instance.reddit-app[0] (remote-exec): Resolving deltas:  97% (195/201)
yandex_compute_instance.reddit-app[0] (remote-exec): Resolving deltas:  98% (198/201)
yandex_compute_instance.reddit-app[0] (remote-exec): Resolving deltas:  99% (199/201)
yandex_compute_instance.reddit-app[0] (remote-exec): Resolving deltas: 100% (201/201)
yandex_compute_instance.reddit-app[0] (remote-exec): Resolving deltas: 100% (201/201), done.
yandex_compute_instance.reddit-app[0] (remote-exec): Checking connectivity... done.
yandex_compute_instance.reddit-app[0] (remote-exec): Warning: the running version of Bundler is older than the version that created the lockfile. We suggest you upgrade to the latest version of Bundler by running `gem install bundler`.
yandex_compute_instance.reddit-app[0] (remote-exec): 
yandex_compute_instance.reddit-app[0] (remote-exec): Fetching source index from https://rubygems.org/
yandex_compute_instance.reddit-app[1]: Provisioning with 'remote-exec'...
yandex_compute_instance.reddit-app[1] (remote-exec): Connecting to remote host via SSH...
yandex_compute_instance.reddit-app[1] (remote-exec):   Host: 51.250.4.77
yandex_compute_instance.reddit-app[1] (remote-exec):   User: ubuntu
yandex_compute_instance.reddit-app[1] (remote-exec):   Password: false
yandex_compute_instance.reddit-app[1] (remote-exec):   Private key: true
yandex_compute_instance.reddit-app[1] (remote-exec):   Certificate: false
yandex_compute_instance.reddit-app[1] (remote-exec):   SSH Agent: false
yandex_compute_instance.reddit-app[1] (remote-exec):   Checking Host Key: false
yandex_compute_instance.reddit-app[1] (remote-exec):   Target Platform: unix
yandex_compute_instance.reddit-app[1] (remote-exec): Connected!
yandex_compute_instance.reddit-app[1] (remote-exec): Cloning into '/home/ubuntu/reddit'...
yandex_compute_instance.reddit-app[1]: Still creating... [1m50s elapsed]
yandex_compute_instance.reddit-app[0]: Still creating... [1m50s elapsed]
yandex_compute_instance.reddit-app[1] (remote-exec): remote: Enumerating objects: 376, done.
yandex_compute_instance.reddit-app[1] (remote-exec): remote: Counting objects:  20% (1/5)
yandex_compute_instance.reddit-app[1] (remote-exec): remote: Counting objects:  40% (2/5)
yandex_compute_instance.reddit-app[1] (remote-exec): remote: Counting objects:  60% (3/5)
yandex_compute_instance.reddit-app[1] (remote-exec): remote: Counting objects:  80% (4/5)
yandex_compute_instance.reddit-app[1] (remote-exec): remote: Counting objects: 100% (5/5)
yandex_compute_instance.reddit-app[1] (remote-exec): remote: Counting objects: 100% (5/5), done.
yandex_compute_instance.reddit-app[1] (remote-exec): remote: Compressing objects:  20% (1/5)
yandex_compute_instance.reddit-app[1] (remote-exec): remote: Compressing objects:  40% (2/5)
yandex_compute_instance.reddit-app[1] (remote-exec): remote: Compressing objects:  60% (3/5)
yandex_compute_instance.reddit-app[1] (remote-exec): remote: Compressing objects:  80% (4/5)
yandex_compute_instance.reddit-app[1] (remote-exec): remote: Compressing objects: 100% (5/5)
yandex_compute_instance.reddit-app[1] (remote-exec): remote: Compressing objects: 100% (5/5), done.
yandex_compute_instance.reddit-app[1] (remote-exec): Receiving objects:   0% (1/376)
yandex_compute_instance.reddit-app[1] (remote-exec): Receiving objects:   1% (4/376)
yandex_compute_instance.reddit-app[1] (remote-exec): Receiving objects:   2% (8/376)
yandex_compute_instance.reddit-app[1] (remote-exec): Receiving objects:   3% (12/376)
yandex_compute_instance.reddit-app[1] (remote-exec): Receiving objects:   4% (16/376)
yandex_compute_instance.reddit-app[1] (remote-exec): Receiving objects:   5% (19/376)
yandex_compute_instance.reddit-app[1] (remote-exec): Receiving objects:   6% (23/376)
yandex_compute_instance.reddit-app[1] (remote-exec): Receiving objects:   7% (27/376)
yandex_compute_instance.reddit-app[1] (remote-exec): Receiving objects:   8% (31/376)
yandex_compute_instance.reddit-app[1] (remote-exec): Receiving objects:   9% (34/376)
yandex_compute_instance.reddit-app[1] (remote-exec): Receiving objects:  10% (38/376)
yandex_compute_instance.reddit-app[1] (remote-exec): Receiving objects:  11% (42/376)
yandex_compute_instance.reddit-app[1] (remote-exec): Receiving objects:  12% (46/376)
yandex_compute_instance.reddit-app[1] (remote-exec): Receiving objects:  13% (49/376)
yandex_compute_instance.reddit-app[1] (remote-exec): Receiving objects:  14% (53/376)
yandex_compute_instance.reddit-app[1] (remote-exec): Receiving objects:  15% (57/376)
yandex_compute_instance.reddit-app[1] (remote-exec): Receiving objects:  16% (61/376)
yandex_compute_instance.reddit-app[1] (remote-exec): Receiving objects:  17% (64/376)
yandex_compute_instance.reddit-app[1] (remote-exec): Receiving objects:  18% (68/376)
yandex_compute_instance.reddit-app[1] (remote-exec): Receiving objects:  19% (72/376)
yandex_compute_instance.reddit-app[1] (remote-exec): Receiving objects:  20% (76/376)
yandex_compute_instance.reddit-app[1] (remote-exec): Receiving objects:  21% (79/376)
yandex_compute_instance.reddit-app[1] (remote-exec): Receiving objects:  22% (83/376)
yandex_compute_instance.reddit-app[1] (remote-exec): Receiving objects:  23% (87/376)
yandex_compute_instance.reddit-app[1] (remote-exec): Receiving objects:  24% (91/376)
yandex_compute_instance.reddit-app[1] (remote-exec): Receiving objects:  25% (94/376)
yandex_compute_instance.reddit-app[1] (remote-exec): Receiving objects:  26% (98/376)
yandex_compute_instance.reddit-app[1] (remote-exec): Receiving objects:  27% (102/376)
yandex_compute_instance.reddit-app[1] (remote-exec): Receiving objects:  28% (106/376)
yandex_compute_instance.reddit-app[1] (remote-exec): Receiving objects:  29% (110/376)
yandex_compute_instance.reddit-app[1] (remote-exec): Receiving objects:  30% (113/376)
yandex_compute_instance.reddit-app[1] (remote-exec): Receiving objects:  31% (117/376)
yandex_compute_instance.reddit-app[1] (remote-exec): Receiving objects:  32% (121/376)
yandex_compute_instance.reddit-app[1] (remote-exec): Receiving objects:  33% (125/376)
yandex_compute_instance.reddit-app[1] (remote-exec): Receiving objects:  34% (128/376)
yandex_compute_instance.reddit-app[1] (remote-exec): Receiving objects:  35% (132/376)
yandex_compute_instance.reddit-app[1] (remote-exec): Receiving objects:  36% (136/376)
yandex_compute_instance.reddit-app[1] (remote-exec): Receiving objects:  37% (140/376)
yandex_compute_instance.reddit-app[1] (remote-exec): remote: Total 376 (delta 0), reused 0 (delta 0), pack-reused 371
yandex_compute_instance.reddit-app[1] (remote-exec): Receiving objects:  38% (143/376)
yandex_compute_instance.reddit-app[1] (remote-exec): Receiving objects:  39% (147/376)
yandex_compute_instance.reddit-app[1] (remote-exec): Receiving objects:  40% (151/376)
yandex_compute_instance.reddit-app[1] (remote-exec): Receiving objects:  41% (155/376)
yandex_compute_instance.reddit-app[1] (remote-exec): Receiving objects:  42% (158/376)
yandex_compute_instance.reddit-app[1] (remote-exec): Receiving objects:  43% (162/376)
yandex_compute_instance.reddit-app[1] (remote-exec): Receiving objects:  44% (166/376)
yandex_compute_instance.reddit-app[1] (remote-exec): Receiving objects:  45% (170/376)
yandex_compute_instance.reddit-app[1] (remote-exec): Receiving objects:  46% (173/376)
yandex_compute_instance.reddit-app[1] (remote-exec): Receiving objects:  47% (177/376)
yandex_compute_instance.reddit-app[1] (remote-exec): Receiving objects:  48% (181/376)
yandex_compute_instance.reddit-app[1] (remote-exec): Receiving objects:  49% (185/376)
yandex_compute_instance.reddit-app[1] (remote-exec): Receiving objects:  50% (188/376)
yandex_compute_instance.reddit-app[1] (remote-exec): Receiving objects:  51% (192/376)
yandex_compute_instance.reddit-app[1] (remote-exec): Receiving objects:  52% (196/376)
yandex_compute_instance.reddit-app[1] (remote-exec): Receiving objects:  53% (200/376)
yandex_compute_instance.reddit-app[1] (remote-exec): Receiving objects:  54% (204/376)
yandex_compute_instance.reddit-app[1] (remote-exec): Receiving objects:  55% (207/376)
yandex_compute_instance.reddit-app[1] (remote-exec): Receiving objects:  56% (211/376)
yandex_compute_instance.reddit-app[1] (remote-exec): Receiving objects:  57% (215/376)
yandex_compute_instance.reddit-app[1] (remote-exec): Receiving objects:  58% (219/376)
yandex_compute_instance.reddit-app[1] (remote-exec): Receiving objects:  59% (222/376)
yandex_compute_instance.reddit-app[1] (remote-exec): Receiving objects:  60% (226/376)
yandex_compute_instance.reddit-app[1] (remote-exec): Receiving objects:  61% (230/376)
yandex_compute_instance.reddit-app[1] (remote-exec): Receiving objects:  62% (234/376)
yandex_compute_instance.reddit-app[1] (remote-exec): Receiving objects:  63% (237/376)
yandex_compute_instance.reddit-app[1] (remote-exec): Receiving objects:  64% (241/376)
yandex_compute_instance.reddit-app[1] (remote-exec): Receiving objects:  65% (245/376)
yandex_compute_instance.reddit-app[1] (remote-exec): Receiving objects:  66% (249/376)
yandex_compute_instance.reddit-app[1] (remote-exec): Receiving objects:  67% (252/376)
yandex_compute_instance.reddit-app[1] (remote-exec): Receiving objects:  68% (256/376)
yandex_compute_instance.reddit-app[1] (remote-exec): Receiving objects:  69% (260/376)
yandex_compute_instance.reddit-app[1] (remote-exec): Receiving objects:  70% (264/376)
yandex_compute_instance.reddit-app[1] (remote-exec): Receiving objects:  71% (267/376)
yandex_compute_instance.reddit-app[1] (remote-exec): Receiving objects:  72% (271/376)
yandex_compute_instance.reddit-app[1] (remote-exec): Receiving objects:  73% (275/376)
yandex_compute_instance.reddit-app[1] (remote-exec): Receiving objects:  74% (279/376)
yandex_compute_instance.reddit-app[1] (remote-exec): Receiving objects:  75% (282/376)
yandex_compute_instance.reddit-app[1] (remote-exec): Receiving objects:  76% (286/376)
yandex_compute_instance.reddit-app[1] (remote-exec): Receiving objects:  77% (290/376)
yandex_compute_instance.reddit-app[1] (remote-exec): Receiving objects:  78% (294/376)
yandex_compute_instance.reddit-app[1] (remote-exec): Receiving objects:  79% (298/376)
yandex_compute_instance.reddit-app[1] (remote-exec): Receiving objects:  80% (301/376)
yandex_compute_instance.reddit-app[1] (remote-exec): Receiving objects:  81% (305/376)
yandex_compute_instance.reddit-app[1] (remote-exec): Receiving objects:  82% (309/376)
yandex_compute_instance.reddit-app[1] (remote-exec): Receiving objects:  83% (313/376)
yandex_compute_instance.reddit-app[1] (remote-exec): Receiving objects:  84% (316/376)
yandex_compute_instance.reddit-app[1] (remote-exec): Receiving objects:  85% (320/376)
yandex_compute_instance.reddit-app[1] (remote-exec): Receiving objects:  86% (324/376)
yandex_compute_instance.reddit-app[1] (remote-exec): Receiving objects:  87% (328/376)
yandex_compute_instance.reddit-app[1] (remote-exec): Receiving objects:  88% (331/376)
yandex_compute_instance.reddit-app[1] (remote-exec): Receiving objects:  89% (335/376)
yandex_compute_instance.reddit-app[1] (remote-exec): Receiving objects:  90% (339/376)
yandex_compute_instance.reddit-app[1] (remote-exec): Receiving objects:  91% (343/376)
yandex_compute_instance.reddit-app[1] (remote-exec): Receiving objects:  92% (346/376)
yandex_compute_instance.reddit-app[1] (remote-exec): Receiving objects:  93% (350/376)
yandex_compute_instance.reddit-app[1] (remote-exec): Receiving objects:  94% (354/376)
yandex_compute_instance.reddit-app[1] (remote-exec): Receiving objects:  95% (358/376)
yandex_compute_instance.reddit-app[1] (remote-exec): Receiving objects:  96% (361/376)
yandex_compute_instance.reddit-app[1] (remote-exec): Receiving objects:  97% (365/376)
yandex_compute_instance.reddit-app[1] (remote-exec): Receiving objects:  98% (369/376)
yandex_compute_instance.reddit-app[1] (remote-exec): Receiving objects:  99% (373/376)
yandex_compute_instance.reddit-app[1] (remote-exec): Receiving objects: 100% (376/376)
yandex_compute_instance.reddit-app[1] (remote-exec): Receiving objects: 100% (376/376), 67.42 KiB | 0 bytes/s, done.
yandex_compute_instance.reddit-app[1] (remote-exec): Resolving deltas:   0% (0/201)
yandex_compute_instance.reddit-app[1] (remote-exec): Resolving deltas:   7% (16/201)
yandex_compute_instance.reddit-app[1] (remote-exec): Resolving deltas:   9% (20/201)
yandex_compute_instance.reddit-app[1] (remote-exec): Resolving deltas:  14% (29/201)
yandex_compute_instance.reddit-app[1] (remote-exec): Resolving deltas:  15% (31/201)
yandex_compute_instance.reddit-app[1] (remote-exec): Resolving deltas:  18% (38/201)
yandex_compute_instance.reddit-app[1] (remote-exec): Resolving deltas:  19% (40/201)
yandex_compute_instance.reddit-app[1] (remote-exec): Resolving deltas:  20% (42/201)
yandex_compute_instance.reddit-app[1] (remote-exec): Resolving deltas:  22% (45/201)
yandex_compute_instance.reddit-app[1] (remote-exec): Resolving deltas:  23% (47/201)
yandex_compute_instance.reddit-app[1] (remote-exec): Resolving deltas:  26% (54/201)
yandex_compute_instance.reddit-app[1] (remote-exec): Resolving deltas:  27% (56/201)
yandex_compute_instance.reddit-app[1] (remote-exec): Resolving deltas:  28% (57/201)
yandex_compute_instance.reddit-app[1] (remote-exec): Resolving deltas:  30% (62/201)
yandex_compute_instance.reddit-app[1] (remote-exec): Resolving deltas:  31% (64/201)
yandex_compute_instance.reddit-app[1] (remote-exec): Resolving deltas:  35% (72/201)
yandex_compute_instance.reddit-app[1] (remote-exec): Resolving deltas:  36% (73/201)
yandex_compute_instance.reddit-app[1] (remote-exec): Resolving deltas:  37% (76/201)
yandex_compute_instance.reddit-app[1] (remote-exec): Resolving deltas:  40% (81/201)
yandex_compute_instance.reddit-app[1] (remote-exec): Resolving deltas:  43% (87/201)
yandex_compute_instance.reddit-app[1] (remote-exec): Resolving deltas:  44% (89/201)
yandex_compute_instance.reddit-app[1] (remote-exec): Resolving deltas:  47% (95/201)
yandex_compute_instance.reddit-app[1] (remote-exec): Resolving deltas:  48% (98/201)
yandex_compute_instance.reddit-app[1] (remote-exec): Resolving deltas:  51% (103/201)
yandex_compute_instance.reddit-app[1] (remote-exec): Resolving deltas:  54% (110/201)
yandex_compute_instance.reddit-app[1] (remote-exec): Resolving deltas:  55% (112/201)
yandex_compute_instance.reddit-app[1] (remote-exec): Resolving deltas:  56% (113/201)
yandex_compute_instance.reddit-app[1] (remote-exec): Resolving deltas:  59% (119/201)
yandex_compute_instance.reddit-app[1] (remote-exec): Resolving deltas:  60% (122/201)
yandex_compute_instance.reddit-app[1] (remote-exec): Resolving deltas:  61% (124/201)
yandex_compute_instance.reddit-app[1] (remote-exec): Resolving deltas:  64% (130/201)
yandex_compute_instance.reddit-app[1] (remote-exec): Resolving deltas:  67% (135/201)
yandex_compute_instance.reddit-app[1] (remote-exec): Resolving deltas:  68% (138/201)
yandex_compute_instance.reddit-app[1] (remote-exec): Resolving deltas:  71% (144/201)
yandex_compute_instance.reddit-app[1] (remote-exec): Resolving deltas:  73% (147/201)
yandex_compute_instance.reddit-app[1] (remote-exec): Resolving deltas:  74% (150/201)
yandex_compute_instance.reddit-app[1] (remote-exec): Resolving deltas:  75% (151/201)
yandex_compute_instance.reddit-app[1] (remote-exec): Resolving deltas:  78% (158/201)
yandex_compute_instance.reddit-app[1] (remote-exec): Resolving deltas:  79% (159/201)
yandex_compute_instance.reddit-app[1] (remote-exec): Resolving deltas:  80% (161/201)
yandex_compute_instance.reddit-app[1] (remote-exec): Resolving deltas:  81% (164/201)
yandex_compute_instance.reddit-app[1] (remote-exec): Resolving deltas:  82% (166/201)
yandex_compute_instance.reddit-app[1] (remote-exec): Resolving deltas:  83% (168/201)
yandex_compute_instance.reddit-app[1] (remote-exec): Resolving deltas:  85% (171/201)
yandex_compute_instance.reddit-app[1] (remote-exec): Resolving deltas:  87% (176/201)
yandex_compute_instance.reddit-app[1] (remote-exec): Resolving deltas:  88% (178/201)
yandex_compute_instance.reddit-app[1] (remote-exec): Resolving deltas:  90% (181/201)
yandex_compute_instance.reddit-app[1] (remote-exec): Resolving deltas:  91% (183/201)
yandex_compute_instance.reddit-app[1] (remote-exec): Resolving deltas:  93% (187/201)
yandex_compute_instance.reddit-app[1] (remote-exec): Resolving deltas:  94% (190/201)
yandex_compute_instance.reddit-app[1] (remote-exec): Resolving deltas:  95% (192/201)
yandex_compute_instance.reddit-app[1] (remote-exec): Resolving deltas:  96% (193/201)
yandex_compute_instance.reddit-app[1] (remote-exec): Resolving deltas:  97% (195/201)
yandex_compute_instance.reddit-app[1] (remote-exec): Resolving deltas:  98% (197/201)
yandex_compute_instance.reddit-app[1] (remote-exec): Resolving deltas: 100% (201/201)
yandex_compute_instance.reddit-app[1] (remote-exec): Resolving deltas: 100% (201/201), done.
yandex_compute_instance.reddit-app[1] (remote-exec): Checking connectivity... done.
yandex_compute_instance.reddit-app[0]: Still creating... [2m0s elapsed]
yandex_compute_instance.reddit-app[1]: Still creating... [2m0s elapsed]
yandex_compute_instance.reddit-app[1] (remote-exec): Warning: the running version of Bundler is older than the version that created the lockfile. We suggest you upgrade to the latest version of Bundler by running `gem install bundler`.
yandex_compute_instance.reddit-app[1] (remote-exec): 
yandex_compute_instance.reddit-app[1] (remote-exec): Fetching source index from https://rubygems.org/
yandex_compute_instance.reddit-app[0]: Still creating... [2m10s elapsed]
yandex_compute_instance.reddit-app[1]: Still creating... [2m10s elapsed]
yandex_compute_instance.reddit-app[0] (remote-exec): Installing rake 12.0.0
yandex_compute_instance.reddit-app[0] (remote-exec): Installing net-ssh 4.1.0
yandex_compute_instance.reddit-app[0] (remote-exec): Installing bcrypt 3.1.11 with native extensions
yandex_compute_instance.reddit-app[0] (remote-exec): Installing bson 4.2.2 with native extensions
yandex_compute_instance.reddit-app[0]: Still creating... [2m20s elapsed]
yandex_compute_instance.reddit-app[1]: Still creating... [2m20s elapsed]
yandex_compute_instance.reddit-app[0] (remote-exec): Installing bson_ext 1.5.1 with native extensions
yandex_compute_instance.reddit-app[0] (remote-exec): Installing i18n 0.8.6
yandex_compute_instance.reddit-app[0] (remote-exec): Installing puma 3.10.0 with native extensions
yandex_compute_instance.reddit-app[0] (remote-exec): Installing temple 0.8.0
yandex_compute_instance.reddit-app[0]: Still creating... [2m30s elapsed]
yandex_compute_instance.reddit-app[1]: Still creating... [2m30s elapsed]
yandex_compute_instance.reddit-app[0] (remote-exec): Installing tilt 2.0.8
yandex_compute_instance.reddit-app[0] (remote-exec): Installing json 2.1.0 with native extensions
yandex_compute_instance.reddit-app[0] (remote-exec): Installing mustermann 1.0.2
yandex_compute_instance.reddit-app[0] (remote-exec): Installing rack 2.0.5
yandex_compute_instance.reddit-app[0] (remote-exec): Using bundler 1.11.2
yandex_compute_instance.reddit-app[0] (remote-exec): Installing net-scp 1.2.1
yandex_compute_instance.reddit-app[0] (remote-exec): Installing mongo 2.4.3
yandex_compute_instance.reddit-app[0] (remote-exec): Installing haml 5.0.2
yandex_compute_instance.reddit-app[0] (remote-exec): Installing rack-protection 2.0.2
yandex_compute_instance.reddit-app[1] (remote-exec): Installing rake 12.0.0
yandex_compute_instance.reddit-app[0] (remote-exec): Installing sshkit 1.14.0
yandex_compute_instance.reddit-app[1] (remote-exec): Installing net-ssh 4.1.0
yandex_compute_instance.reddit-app[0] (remote-exec): Installing sinatra 2.0.2
yandex_compute_instance.reddit-app[1] (remote-exec): Installing bcrypt 3.1.11 with native extensions
yandex_compute_instance.reddit-app[0] (remote-exec): Installing airbrussh 1.3.0
yandex_compute_instance.reddit-app[0] (remote-exec): Installing capistrano 3.9.0
yandex_compute_instance.reddit-app[0] (remote-exec): Installing capistrano-bundler 1.2.0
yandex_compute_instance.reddit-app[0] (remote-exec): Installing capistrano-rvm 0.1.2
yandex_compute_instance.reddit-app[0] (remote-exec): Installing capistrano3-puma 3.1.1
yandex_compute_instance.reddit-app[0] (remote-exec): Bundle complete! 11 Gemfile dependencies, 24 gems now installed.
yandex_compute_instance.reddit-app[0] (remote-exec): Use `bundle show [gemname]` to see where a bundled gem is installed.
yandex_compute_instance.reddit-app[0] (remote-exec): Post-install message from capistrano3-puma:

yandex_compute_instance.reddit-app[0] (remote-exec):     All plugins need to be explicitly installed with install_plugin.
yandex_compute_instance.reddit-app[0] (remote-exec):     Please see README.md

yandex_compute_instance.reddit-app[0] (remote-exec): Created symlink from /etc/systemd/system/multi-user.target.wants/puma.service to /etc/systemd/system/puma.service.
yandex_compute_instance.reddit-app[0]: Creation complete after 2m38s [id=fhmskj0bg8kd3oas4tag]
yandex_compute_instance.reddit-app[1]: Still creating... [2m40s elapsed]
yandex_compute_instance.reddit-app[1] (remote-exec): Installing bson 4.2.2 with native extensions
yandex_compute_instance.reddit-app[1] (remote-exec): Installing bson_ext 1.5.1 with native extensions
yandex_compute_instance.reddit-app[1] (remote-exec): Installing i18n 0.8.6
yandex_compute_instance.reddit-app[1] (remote-exec): Installing puma 3.10.0 with native extensions
yandex_compute_instance.reddit-app[1]: Still creating... [2m50s elapsed]
yandex_compute_instance.reddit-app[1] (remote-exec): Installing temple 0.8.0
yandex_compute_instance.reddit-app[1] (remote-exec): Installing tilt 2.0.8
yandex_compute_instance.reddit-app[1] (remote-exec): Installing json 2.1.0 with native extensions
yandex_compute_instance.reddit-app[1] (remote-exec): Installing mustermann 1.0.2
yandex_compute_instance.reddit-app[1] (remote-exec): Installing rack 2.0.5
yandex_compute_instance.reddit-app[1] (remote-exec): Using bundler 1.11.2
yandex_compute_instance.reddit-app[1] (remote-exec): Installing net-scp 1.2.1
yandex_compute_instance.reddit-app[1] (remote-exec): Installing mongo 2.4.3
yandex_compute_instance.reddit-app[1] (remote-exec): Installing haml 5.0.2
yandex_compute_instance.reddit-app[1] (remote-exec): Installing rack-protection 2.0.2
yandex_compute_instance.reddit-app[1] (remote-exec): Installing sshkit 1.14.0
yandex_compute_instance.reddit-app[1] (remote-exec): Installing sinatra 2.0.2
yandex_compute_instance.reddit-app[1] (remote-exec): Installing airbrussh 1.3.0
yandex_compute_instance.reddit-app[1] (remote-exec): Installing capistrano 3.9.0
yandex_compute_instance.reddit-app[1] (remote-exec): Installing capistrano-bundler 1.2.0
yandex_compute_instance.reddit-app[1] (remote-exec): Installing capistrano-rvm 0.1.2
yandex_compute_instance.reddit-app[1]: Still creating... [3m0s elapsed]
yandex_compute_instance.reddit-app[1] (remote-exec): Installing capistrano3-puma 3.1.1
yandex_compute_instance.reddit-app[1] (remote-exec): Bundle complete! 11 Gemfile dependencies, 24 gems now installed.
yandex_compute_instance.reddit-app[1] (remote-exec): Use `bundle show [gemname]` to see where a bundled gem is installed.
yandex_compute_instance.reddit-app[1] (remote-exec): Post-install message from capistrano3-puma:

yandex_compute_instance.reddit-app[1] (remote-exec):     All plugins need to be explicitly installed with install_plugin.
yandex_compute_instance.reddit-app[1] (remote-exec):     Please see README.md

yandex_compute_instance.reddit-app[1] (remote-exec): Created symlink from /etc/systemd/system/multi-user.target.wants/puma.service to /etc/systemd/system/puma.service.
yandex_compute_instance.reddit-app[1]: Creation complete after 3m1s [id=fhmfbi44liskbb7ptmef]
yandex_lb_target_group.reddit-app: Creating...
yandex_lb_target_group.reddit-app: Creation complete after 2s [id=enpjpcc7a0i863vnsfr4]
yandex_lb_network_load_balancer.reddit-app: Creating...
yandex_lb_network_load_balancer.reddit-app: Creation complete after 3s [id=enpnf61bq1lqsk7klkof]

Apply complete! Resources: 4 added, 0 changed, 0 destroyed.

Outputs:

external_ip_address = [
  "51.250.82.117",
  "51.250.4.77",
]
lb_ip_address = tolist([
  "158.160.101.69",
])

